{
  "version": 4,
  "terraform_version": "1.13.3",
  "serial": 184,
  "lineage": "3112d1d2-eb86-43ac-3ac7-9e506328ce18",
  "outputs": {
    "application_url": {
      "value": "http://containerized-apps-infra-prod-lb-1168435393.ap-southeast-1.elb.amazonaws.com",
      "type": "string"
    },
    "cicd_role_arn": {
      "value": "arn:aws:iam::068882397753:role/containerized-apps-infra-prod-GitLabCICDRole",
      "type": "string"
    },
    "decoy_sensor_public_ip": {
      "value": "47.129.171.240",
      "type": "string"
    },
    "ecr_repository_url": {
      "value": "068882397753.dkr.ecr.ap-southeast-1.amazonaws.com/containerized-apps-infra-prod-app-repo",
      "type": "string"
    }
  },
  "resources": [
    {
      "mode": "data",
      "type": "aws_ami",
      "name": "amazon_linux_2023",
      "provider": "provider[\"registry.terraform.io/hashicorp/aws\"]",
      "instances": [
        {
          "schema_version": 0,
          "attributes": {
            "architecture": "x86_64",
            "arn": "arn:aws:ec2:ap-southeast-1::image/ami-03bec25d3c8e6cd26",
            "block_device_mappings": [
              {
                "device_name": "/dev/xvda",
                "ebs": {
                  "delete_on_termination": "true",
                  "encrypted": "false",
                  "iops": "3000",
                  "snapshot_id": "snap-02a6bd3c77de46b1d",
                  "throughput": "125",
                  "volume_initialization_rate": "0",
                  "volume_size": "8",
                  "volume_type": "gp3"
                },
                "no_device": "",
                "virtual_name": ""
              }
            ],
            "boot_mode": "uefi-preferred",
            "creation_date": "2025-10-22T18:13:18.000Z",
            "deprecation_time": "2026-01-20T00:00:00.000Z",
            "description": "Amazon Linux 2023 AMI 2023.9.20251020.0 x86_64 HVM kernel-6.1",
            "ena_support": true,
            "executable_users": null,
            "filter": [
              {
                "name": "architecture",
                "values": [
                  "x86_64"
                ]
              },
              {
                "name": "name",
                "values": [
                  "al2023-ami-2023.*-kernel-*-x86_64"
                ]
              }
            ],
            "hypervisor": "xen",
            "id": "ami-03bec25d3c8e6cd26",
            "image_id": "ami-03bec25d3c8e6cd26",
            "image_location": "amazon/al2023-ami-2023.9.20251020.0-kernel-6.1-x86_64",
            "image_owner_alias": "amazon",
            "image_type": "machine",
            "imds_support": "v2.0",
            "include_deprecated": false,
            "kernel_id": "",
            "last_launched_time": "",
            "most_recent": true,
            "name": "al2023-ami-2023.9.20251020.0-kernel-6.1-x86_64",
            "name_regex": null,
            "owner_id": "137112412989",
            "owners": [
              "amazon"
            ],
            "platform": "",
            "platform_details": "Linux/UNIX",
            "product_codes": [],
            "public": true,
            "ramdisk_id": "",
            "root_device_name": "/dev/xvda",
            "root_device_type": "ebs",
            "root_snapshot_id": "snap-02a6bd3c77de46b1d",
            "sriov_net_support": "simple",
            "state": "available",
            "state_reason": {
              "code": "UNSET",
              "message": "UNSET"
            },
            "tags": {},
            "timeouts": null,
            "tpm_support": "",
            "uefi_data": null,
            "usage_operation": "RunInstances",
            "virtualization_type": "hvm"
          },
          "sensitive_attributes": [],
          "identity_schema_version": 0
        }
      ]
    },
    {
      "mode": "managed",
      "type": "aws_flow_log",
      "name": "decoy_eni_flow_log",
      "provider": "provider[\"registry.terraform.io/hashicorp/aws\"]",
      "instances": [
        {
          "schema_version": 0,
          "attributes": {
            "arn": "arn:aws:ec2:ap-southeast-1:068882397753:vpc-flow-log/fl-01ed2f82c9c450db6",
            "deliver_cross_account_role": "",
            "destination_options": [],
            "eni_id": "eni-0912030d3e27a4d1b",
            "iam_role_arn": "arn:aws:iam::068882397753:role/containerized-apps-infra-prod-flow-log-role",
            "id": "fl-01ed2f82c9c450db6",
            "log_destination": "arn:aws:logs:ap-southeast-1:068882397753:log-group:/aws/vpc/containerized-apps-infra-prod-decoy-flow-logs",
            "log_destination_type": "cloud-watch-logs",
            "log_format": "${version} ${account-id} ${interface-id} ${srcaddr} ${dstaddr} ${srcport} ${dstport} ${protocol} ${packets} ${bytes} ${start} ${end} ${action} ${log-status}",
            "log_group_name": "/aws/vpc/containerized-apps-infra-prod-decoy-flow-logs",
            "max_aggregation_interval": 600,
            "subnet_id": null,
            "tags": null,
            "tags_all": {},
            "traffic_type": "ALL",
            "transit_gateway_attachment_id": null,
            "transit_gateway_id": null,
            "vpc_id": null
          },
          "sensitive_attributes": [],
          "identity_schema_version": 0,
          "private": "bnVsbA==",
          "dependencies": [
            "aws_instance.decoy_sensor",
            "aws_security_group.decoy_sensor_sg",
            "data.aws_ami.amazon_linux_2023",
            "module.networking.aws_cloudwatch_log_group.decoy_flow_logs",
            "module.networking.aws_eip.nat",
            "module.networking.aws_iam_policy.flow_log_policy",
            "module.networking.aws_iam_role.flow_log_role",
            "module.networking.aws_iam_role_policy_attachment.flow_log_attachment",
            "module.networking.aws_internet_gateway.main",
            "module.networking.aws_nat_gateway.main",
            "module.networking.aws_route_table.private",
            "module.networking.aws_route_table.public",
            "module.networking.aws_route_table_association.private_a",
            "module.networking.aws_route_table_association.private_b",
            "module.networking.aws_route_table_association.public_a",
            "module.networking.aws_route_table_association.public_b",
            "module.networking.aws_subnet.private_a",
            "module.networking.aws_subnet.private_b",
            "module.networking.aws_subnet.public_a",
            "module.networking.aws_subnet.public_b",
            "module.networking.aws_vpc.main",
            "module.networking.data.aws_availability_zones.available"
          ]
        }
      ]
    },
    {
      "mode": "managed",
      "type": "aws_instance",
      "name": "decoy_sensor",
      "provider": "provider[\"registry.terraform.io/hashicorp/aws\"]",
      "instances": [
        {
          "schema_version": 1,
          "attributes": {
            "ami": "ami-03bec25d3c8e6cd26",
            "arn": "arn:aws:ec2:ap-southeast-1:068882397753:instance/i-0d2d32a34df6b9d32",
            "associate_public_ip_address": true,
            "availability_zone": "ap-southeast-1a",
            "capacity_reservation_specification": [
              {
                "capacity_reservation_preference": "open",
                "capacity_reservation_target": []
              }
            ],
            "cpu_core_count": 1,
            "cpu_options": [
              {
                "amd_sev_snp": "",
                "core_count": 1,
                "threads_per_core": 2
              }
            ],
            "cpu_threads_per_core": 2,
            "credit_specification": [
              {
                "cpu_credits": "unlimited"
              }
            ],
            "disable_api_stop": false,
            "disable_api_termination": false,
            "ebs_block_device": [],
            "ebs_optimized": false,
            "enable_primary_ipv6": null,
            "enclave_options": [
              {
                "enabled": false
              }
            ],
            "ephemeral_block_device": [],
            "get_password_data": false,
            "hibernation": false,
            "host_id": "",
            "host_resource_group_arn": null,
            "iam_instance_profile": "",
            "id": "i-0d2d32a34df6b9d32",
            "instance_initiated_shutdown_behavior": "stop",
            "instance_lifecycle": "",
            "instance_market_options": [],
            "instance_state": "running",
            "instance_type": "t3.nano",
            "ipv6_address_count": 0,
            "ipv6_addresses": [],
            "key_name": "",
            "launch_template": [],
            "maintenance_options": [
              {
                "auto_recovery": "default"
              }
            ],
            "metadata_options": [
              {
                "http_endpoint": "enabled",
                "http_protocol_ipv6": "disabled",
                "http_put_response_hop_limit": 2,
                "http_tokens": "required",
                "instance_metadata_tags": "disabled"
              }
            ],
            "monitoring": false,
            "network_interface": [],
            "outpost_arn": "",
            "password_data": "",
            "placement_group": "",
            "placement_partition_number": 0,
            "primary_network_interface_id": "eni-0912030d3e27a4d1b",
            "private_dns": "ip-10-0-1-233.ap-southeast-1.compute.internal",
            "private_dns_name_options": [
              {
                "enable_resource_name_dns_a_record": false,
                "enable_resource_name_dns_aaaa_record": false,
                "hostname_type": "ip-name"
              }
            ],
            "private_ip": "10.0.1.233",
            "public_dns": "ec2-47-129-171-240.ap-southeast-1.compute.amazonaws.com",
            "public_ip": "47.129.171.240",
            "root_block_device": [
              {
                "delete_on_termination": true,
                "device_name": "/dev/xvda",
                "encrypted": false,
                "iops": 3000,
                "kms_key_id": "",
                "tags": {},
                "tags_all": {},
                "throughput": 125,
                "volume_id": "vol-00d0495400f0ef4dc",
                "volume_size": 8,
                "volume_type": "gp3"
              }
            ],
            "secondary_private_ips": [],
            "security_groups": [],
            "source_dest_check": true,
            "spot_instance_request_id": "",
            "subnet_id": "subnet-0052099f0c3b94e31",
            "tags": null,
            "tags_all": {},
            "tenancy": "default",
            "timeouts": null,
            "user_data": null,
            "user_data_base64": null,
            "user_data_replace_on_change": false,
            "volume_tags": null,
            "vpc_security_group_ids": [
              "sg-00be975c7314aa7f2"
            ]
          },
          "sensitive_attributes": [],
          "identity_schema_version": 0,
          "private": "eyJlMmJmYjczMC1lY2FhLTExZTYtOGY4OC0zNDM2M2JjN2M0YzAiOnsiY3JlYXRlIjo2MDAwMDAwMDAwMDAsImRlbGV0ZSI6MTIwMDAwMDAwMDAwMCwicmVhZCI6OTAwMDAwMDAwMDAwLCJ1cGRhdGUiOjYwMDAwMDAwMDAwMH0sInNjaGVtYV92ZXJzaW9uIjoiMSJ9",
          "dependencies": [
            "aws_security_group.decoy_sensor_sg",
            "data.aws_ami.amazon_linux_2023",
            "module.networking.aws_subnet.public_a",
            "module.networking.aws_subnet.public_b",
            "module.networking.aws_vpc.main",
            "module.networking.data.aws_availability_zones.available"
          ]
        }
      ]
    },
    {
      "mode": "managed",
      "type": "aws_security_group",
      "name": "decoy_sensor_sg",
      "provider": "provider[\"registry.terraform.io/hashicorp/aws\"]",
      "instances": [
        {
          "schema_version": 1,
          "attributes": {
            "arn": "arn:aws:ec2:ap-southeast-1:068882397753:security-group/sg-00be975c7314aa7f2",
            "description": "Allow specific inbound port for decoy sensor",
            "egress": [],
            "id": "sg-00be975c7314aa7f2",
            "ingress": [],
            "name": "containerized-apps-infra-prod-decoy-sg",
            "name_prefix": "",
            "owner_id": "068882397753",
            "revoke_rules_on_delete": false,
            "tags": null,
            "tags_all": {},
            "timeouts": null,
            "vpc_id": "vpc-054c014909e2bb0e2"
          },
          "sensitive_attributes": [],
          "identity_schema_version": 0,
          "private": "eyJlMmJmYjczMC1lY2FhLTExZTYtOGY4OC0zNDM2M2JjN2M0YzAiOnsiY3JlYXRlIjo2MDAwMDAwMDAwMDAsImRlbGV0ZSI6OTAwMDAwMDAwMDAwfSwic2NoZW1hX3ZlcnNpb24iOiIxIn0=",
          "dependencies": [
            "module.networking.aws_vpc.main"
          ]
        }
      ]
    },
    {
      "module": "module.cicd_iam",
      "mode": "managed",
      "type": "aws_iam_openid_connect_provider",
      "name": "gitlab",
      "provider": "provider[\"registry.terraform.io/hashicorp/aws\"]",
      "instances": [
        {
          "schema_version": 0,
          "attributes": {
            "arn": "arn:aws:iam::068882397753:oidc-provider/gitlab.com",
            "client_id_list": [
              "https://gitlab.com"
            ],
            "id": "arn:aws:iam::068882397753:oidc-provider/gitlab.com",
            "tags": null,
            "tags_all": {},
            "thumbprint_list": [
              "6938fd4d98bab03faadb97b34396831e3780c34a"
            ],
            "url": "gitlab.com"
          },
          "sensitive_attributes": [],
          "identity_schema_version": 0,
          "private": "bnVsbA=="
        }
      ]
    },
    {
      "module": "module.cicd_iam",
      "mode": "managed",
      "type": "aws_iam_policy",
      "name": "gitlab_cicd_policy",
      "provider": "provider[\"registry.terraform.io/hashicorp/aws\"]",
      "instances": [
        {
          "schema_version": 0,
          "attributes": {
            "arn": "arn:aws:iam::068882397753:policy/containerized-apps-infra-prod-GitLabCICDPolicy",
            "attachment_count": 0,
            "description": "Grants GitLab CI/CD permissions for ECR push and ECS deploy",
            "id": "arn:aws:iam::068882397753:policy/containerized-apps-infra-prod-GitLabCICDPolicy",
            "name": "containerized-apps-infra-prod-GitLabCICDPolicy",
            "name_prefix": "",
            "path": "/",
            "policy": "{\"Statement\":[{\"Action\":\"ecr:GetAuthorizationToken\",\"Effect\":\"Allow\",\"Resource\":\"*\",\"Sid\":\"AllowECRAuth\"},{\"Action\":[\"ecr:BatchCheckLayerAvailability\",\"ecr:CompleteLayerUpload\",\"ecr:InitiateLayerUpload\",\"ecr:PutImage\",\"ecr:UploadLayerPart\"],\"Effect\":\"Allow\",\"Resource\":\"arn:aws:ecr:ap-southeast-1:068882397753:repository/containerized-apps-infra-prod-app-repo\",\"Sid\":\"AllowECRPush\"},{\"Action\":\"ecs:UpdateService\",\"Condition\":{\"StringEquals\":{\"ecs:cluster\":\"arn:aws:ecs:ap-southeast-1:068882397753:cluster/containerized-apps-infra-prod-cluster\"}},\"Effect\":\"Allow\",\"Resource\":\"arn:aws:ecs:ap-southeast-1:068882397753:service/containerized-apps-infra-prod-cluster/containerized-apps-infra-prod-service\",\"Sid\":\"AllowECSUpdateService\"}],\"Version\":\"2012-10-17\"}",
            "policy_id": "ANPARACNV7I42TXPIPTZL",
            "tags": null,
            "tags_all": {}
          },
          "sensitive_attributes": [],
          "identity_schema_version": 0,
          "private": "bnVsbA==",
          "dependencies": [
            "module.compute.aws_cloudwatch_log_group.ecs_task_logs",
            "module.compute.aws_ecr_repository.app",
            "module.compute.aws_ecs_cluster.main",
            "module.compute.aws_ecs_service.main",
            "module.compute.aws_ecs_task_definition.main",
            "module.compute.aws_iam_policy.read_flow_logs_policy",
            "module.compute.aws_iam_policy.read_secret_policy",
            "module.compute.aws_iam_role.ecs_task_execution_role",
            "module.compute.aws_iam_role.ecs_task_role",
            "module.compute.aws_iam_role_policy_attachment.ecs_execution_read_secret_attachment",
            "module.compute.aws_iam_role_policy_attachment.ecs_task_execution_policy_attachment",
            "module.compute.aws_iam_role_policy_attachment.ecs_task_read_logs_attachment",
            "module.compute.aws_iam_role_policy_attachment.ecs_task_read_secret_attachment",
            "module.compute.aws_lb.main",
            "module.compute.aws_lb_listener.http",
            "module.compute.aws_lb_target_group.main",
            "module.compute.time_sleep.iam_propagation_delay",
            "module.data.aws_db_instance.main",
            "module.data.aws_db_subnet_group.main",
            "module.data.aws_secretsmanager_secret.db_password",
            "module.networking.aws_cloudwatch_log_group.decoy_flow_logs",
            "module.networking.aws_subnet.private_a",
            "module.networking.aws_subnet.private_b",
            "module.networking.aws_subnet.public_a",
            "module.networking.aws_subnet.public_b",
            "module.networking.aws_vpc.main",
            "module.networking.data.aws_availability_zones.available",
            "module.security.aws_security_group.alb",
            "module.security.aws_security_group.ecs",
            "module.security.aws_security_group.rds"
          ]
        }
      ]
    },
    {
      "module": "module.cicd_iam",
      "mode": "managed",
      "type": "aws_iam_role",
      "name": "gitlab_cicd_role",
      "provider": "provider[\"registry.terraform.io/hashicorp/aws\"]",
      "instances": [
        {
          "schema_version": 0,
          "attributes": {
            "arn": "arn:aws:iam::068882397753:role/containerized-apps-infra-prod-GitLabCICDRole",
            "assume_role_policy": "{\"Statement\":[{\"Action\":\"sts:AssumeRoleWithWebIdentity\",\"Condition\":{\"StringEquals\":{\"gitlab.com:aud\":\"https://gitlab.com\"},\"StringLike\":{\"gitlab.com:sub\":\"project_path:aws-homelab1/internet-noise-visualizer:ref_type:*:ref:*\"}},\"Effect\":\"Allow\",\"Principal\":{\"Federated\":\"arn:aws:iam::068882397753:oidc-provider/gitlab.com\"}}],\"Version\":\"2012-10-17\"}",
            "create_date": "2025-10-29T12:20:17Z",
            "description": "",
            "force_detach_policies": false,
            "id": "containerized-apps-infra-prod-GitLabCICDRole",
            "inline_policy": [],
            "managed_policy_arns": [],
            "max_session_duration": 3600,
            "name": "containerized-apps-infra-prod-GitLabCICDRole",
            "name_prefix": "",
            "path": "/",
            "permissions_boundary": "",
            "tags": null,
            "tags_all": {},
            "unique_id": "AROARACNV7I4V52QLGOO7"
          },
          "sensitive_attributes": [],
          "identity_schema_version": 0,
          "private": "bnVsbA==",
          "dependencies": [
            "module.cicd_iam.aws_iam_openid_connect_provider.gitlab"
          ]
        }
      ]
    },
    {
      "module": "module.cicd_iam",
      "mode": "managed",
      "type": "aws_iam_role_policy_attachment",
      "name": "gitlab_cicd_attach",
      "provider": "provider[\"registry.terraform.io/hashicorp/aws\"]",
      "instances": [
        {
          "schema_version": 0,
          "attributes": {
            "id": "containerized-apps-infra-prod-GitLabCICDRole-2025102912234800620000000e",
            "policy_arn": "arn:aws:iam::068882397753:policy/containerized-apps-infra-prod-GitLabCICDPolicy",
            "role": "containerized-apps-infra-prod-GitLabCICDRole"
          },
          "sensitive_attributes": [],
          "identity_schema_version": 0,
          "private": "bnVsbA==",
          "dependencies": [
            "module.cicd_iam.aws_iam_openid_connect_provider.gitlab",
            "module.cicd_iam.aws_iam_policy.gitlab_cicd_policy",
            "module.cicd_iam.aws_iam_role.gitlab_cicd_role",
            "module.compute.aws_cloudwatch_log_group.ecs_task_logs",
            "module.compute.aws_ecr_repository.app",
            "module.compute.aws_ecs_cluster.main",
            "module.compute.aws_ecs_service.main",
            "module.compute.aws_ecs_task_definition.main",
            "module.compute.aws_iam_policy.read_flow_logs_policy",
            "module.compute.aws_iam_policy.read_secret_policy",
            "module.compute.aws_iam_role.ecs_task_execution_role",
            "module.compute.aws_iam_role.ecs_task_role",
            "module.compute.aws_iam_role_policy_attachment.ecs_execution_read_secret_attachment",
            "module.compute.aws_iam_role_policy_attachment.ecs_task_execution_policy_attachment",
            "module.compute.aws_iam_role_policy_attachment.ecs_task_read_logs_attachment",
            "module.compute.aws_iam_role_policy_attachment.ecs_task_read_secret_attachment",
            "module.compute.aws_lb.main",
            "module.compute.aws_lb_listener.http",
            "module.compute.aws_lb_target_group.main",
            "module.compute.time_sleep.iam_propagation_delay",
            "module.data.aws_db_instance.main",
            "module.data.aws_db_subnet_group.main",
            "module.data.aws_secretsmanager_secret.db_password",
            "module.networking.aws_cloudwatch_log_group.decoy_flow_logs",
            "module.networking.aws_subnet.private_a",
            "module.networking.aws_subnet.private_b",
            "module.networking.aws_subnet.public_a",
            "module.networking.aws_subnet.public_b",
            "module.networking.aws_vpc.main",
            "module.networking.data.aws_availability_zones.available",
            "module.security.aws_security_group.alb",
            "module.security.aws_security_group.ecs",
            "module.security.aws_security_group.rds"
          ]
        }
      ]
    },
    {
      "module": "module.compute",
      "mode": "managed",
      "type": "aws_cloudwatch_log_group",
      "name": "ecs_task_logs",
      "provider": "provider[\"registry.terraform.io/hashicorp/aws\"]",
      "instances": [
        {
          "schema_version": 0,
          "attributes": {
            "arn": "arn:aws:logs:ap-southeast-1:068882397753:log-group:/ecs/containerized-apps-infra-prod-task",
            "id": "/ecs/containerized-apps-infra-prod-task",
            "kms_key_id": "",
            "log_group_class": "STANDARD",
            "name": "/ecs/containerized-apps-infra-prod-task",
            "name_prefix": "",
            "retention_in_days": 7,
            "skip_destroy": false,
            "tags": {
              "Name": "containerized-apps-infra-prod-ecs-task-logs"
            },
            "tags_all": {
              "Name": "containerized-apps-infra-prod-ecs-task-logs"
            }
          },
          "sensitive_attributes": [],
          "identity_schema_version": 0,
          "private": "bnVsbA=="
        }
      ]
    },
    {
      "module": "module.compute",
      "mode": "managed",
      "type": "aws_ecr_repository",
      "name": "app",
      "provider": "provider[\"registry.terraform.io/hashicorp/aws\"]",
      "instances": [
        {
          "schema_version": 0,
          "attributes": {
            "arn": "arn:aws:ecr:ap-southeast-1:068882397753:repository/containerized-apps-infra-prod-app-repo",
            "encryption_configuration": [
              {
                "encryption_type": "AES256",
                "kms_key": ""
              }
            ],
            "force_delete": null,
            "id": "containerized-apps-infra-prod-app-repo",
            "image_scanning_configuration": [
              {
                "scan_on_push": true
              }
            ],
            "image_tag_mutability": "MUTABLE",
            "name": "containerized-apps-infra-prod-app-repo",
            "registry_id": "068882397753",
            "repository_url": "068882397753.dkr.ecr.ap-southeast-1.amazonaws.com/containerized-apps-infra-prod-app-repo",
            "tags": {
              "Name": "containerized-apps-infra-prod-app-repo"
            },
            "tags_all": {
              "Name": "containerized-apps-infra-prod-app-repo"
            },
            "timeouts": null
          },
          "sensitive_attributes": [],
          "identity_schema_version": 0,
          "private": "eyJlMmJmYjczMC1lY2FhLTExZTYtOGY4OC0zNDM2M2JjN2M0YzAiOnsiZGVsZXRlIjoxMjAwMDAwMDAwMDAwfX0="
        }
      ]
    },
    {
      "module": "module.compute",
      "mode": "managed",
      "type": "aws_ecs_cluster",
      "name": "main",
      "provider": "provider[\"registry.terraform.io/hashicorp/aws\"]",
      "instances": [
        {
          "schema_version": 0,
          "attributes": {
            "arn": "arn:aws:ecs:ap-southeast-1:068882397753:cluster/containerized-apps-infra-prod-cluster",
            "configuration": [],
            "id": "arn:aws:ecs:ap-southeast-1:068882397753:cluster/containerized-apps-infra-prod-cluster",
            "name": "containerized-apps-infra-prod-cluster",
            "service_connect_defaults": [],
            "setting": [
              {
                "name": "containerInsights",
                "value": "disabled"
              }
            ],
            "tags": {
              "Name": "containerized-apps-infra-prod-cluster"
            },
            "tags_all": {
              "Name": "containerized-apps-infra-prod-cluster"
            }
          },
          "sensitive_attributes": [],
          "identity_schema_version": 0,
          "private": "bnVsbA=="
        }
      ]
    },
    {
      "module": "module.compute",
      "mode": "managed",
      "type": "aws_ecs_service",
      "name": "main",
      "provider": "provider[\"registry.terraform.io/hashicorp/aws\"]",
      "instances": [
        {
          "schema_version": 1,
          "attributes": {
            "alarms": [],
            "availability_zone_rebalancing": "DISABLED",
            "capacity_provider_strategy": [],
            "cluster": "arn:aws:ecs:ap-southeast-1:068882397753:cluster/containerized-apps-infra-prod-cluster",
            "deployment_circuit_breaker": [
              {
                "enable": false,
                "rollback": false
              }
            ],
            "deployment_controller": [
              {
                "type": "ECS"
              }
            ],
            "deployment_maximum_percent": 200,
            "deployment_minimum_healthy_percent": 100,
            "desired_count": 2,
            "enable_ecs_managed_tags": false,
            "enable_execute_command": false,
            "force_delete": null,
            "force_new_deployment": true,
            "health_check_grace_period_seconds": 0,
            "iam_role": "/aws-service-role/ecs.amazonaws.com/AWSServiceRoleForECS",
            "id": "arn:aws:ecs:ap-southeast-1:068882397753:service/containerized-apps-infra-prod-cluster/containerized-apps-infra-prod-service",
            "launch_type": "FARGATE",
            "load_balancer": [
              {
                "container_name": "containerized-apps-infra-prod-container",
                "container_port": 8000,
                "elb_name": "",
                "target_group_arn": "arn:aws:elasticloadbalancing:ap-southeast-1:068882397753:targetgroup/containerized-apps-infra-prod-tg/2d28b9ef7d3a358f"
              }
            ],
            "name": "containerized-apps-infra-prod-service",
            "network_configuration": [
              {
                "assign_public_ip": false,
                "security_groups": [
                  "sg-0247bc7539498c4cb"
                ],
                "subnets": [
                  "subnet-000986fef35c5f870",
                  "subnet-0de081b553ba41b0f"
                ]
              }
            ],
            "ordered_placement_strategy": [],
            "placement_constraints": [],
            "platform_version": "LATEST",
            "propagate_tags": "NONE",
            "scheduling_strategy": "REPLICA",
            "service_connect_configuration": [],
            "service_registries": [],
            "tags": {
              "Name": "containerized-apps-infra-prod-service"
            },
            "tags_all": {
              "Name": "containerized-apps-infra-prod-service"
            },
            "task_definition": "arn:aws:ecs:ap-southeast-1:068882397753:task-definition/containerized-apps-infra-prod-task:2",
            "timeouts": null,
            "triggers": {},
            "volume_configuration": [],
            "vpc_lattice_configurations": [],
            "wait_for_steady_state": false
          },
          "sensitive_attributes": [],
          "identity_schema_version": 0,
          "private": "eyJlMmJmYjczMC1lY2FhLTExZTYtOGY4OC0zNDM2M2JjN2M0YzAiOnsiY3JlYXRlIjoxMjAwMDAwMDAwMDAwLCJkZWxldGUiOjEyMDAwMDAwMDAwMDAsInVwZGF0ZSI6MTIwMDAwMDAwMDAwMH0sInNjaGVtYV92ZXJzaW9uIjoiMSJ9",
          "dependencies": [
            "module.compute.aws_cloudwatch_log_group.ecs_task_logs",
            "module.compute.aws_ecr_repository.app",
            "module.compute.aws_ecs_cluster.main",
            "module.compute.aws_ecs_task_definition.main",
            "module.compute.aws_iam_policy.read_flow_logs_policy",
            "module.compute.aws_iam_policy.read_secret_policy",
            "module.compute.aws_iam_role.ecs_task_execution_role",
            "module.compute.aws_iam_role.ecs_task_role",
            "module.compute.aws_iam_role_policy_attachment.ecs_execution_read_secret_attachment",
            "module.compute.aws_iam_role_policy_attachment.ecs_task_execution_policy_attachment",
            "module.compute.aws_iam_role_policy_attachment.ecs_task_read_logs_attachment",
            "module.compute.aws_iam_role_policy_attachment.ecs_task_read_secret_attachment",
            "module.compute.aws_lb.main",
            "module.compute.aws_lb_listener.http",
            "module.compute.aws_lb_target_group.main",
            "module.compute.time_sleep.iam_propagation_delay",
            "module.data.aws_db_instance.main",
            "module.data.aws_db_subnet_group.main",
            "module.data.aws_secretsmanager_secret.db_password",
            "module.networking.aws_cloudwatch_log_group.decoy_flow_logs",
            "module.networking.aws_subnet.private_a",
            "module.networking.aws_subnet.private_b",
            "module.networking.aws_subnet.public_a",
            "module.networking.aws_subnet.public_b",
            "module.networking.aws_vpc.main",
            "module.networking.data.aws_availability_zones.available",
            "module.security.aws_security_group.alb",
            "module.security.aws_security_group.ecs",
            "module.security.aws_security_group.rds"
          ]
        }
      ]
    },
    {
      "module": "module.compute",
      "mode": "managed",
      "type": "aws_ecs_task_definition",
      "name": "main",
      "provider": "provider[\"registry.terraform.io/hashicorp/aws\"]",
      "instances": [
        {
          "schema_version": 1,
          "attributes": {
            "arn": "arn:aws:ecs:ap-southeast-1:068882397753:task-definition/containerized-apps-infra-prod-task:2",
            "arn_without_revision": "arn:aws:ecs:ap-southeast-1:068882397753:task-definition/containerized-apps-infra-prod-task",
            "container_definitions": "[{\"environment\":[{\"name\":\"CW_LOG_GROUP\",\"value\":\"/aws/vpc/containerized-apps-infra-prod-decoy-flow-logs\"},{\"name\":\"DB_HOST\",\"value\":\"containerized-apps-infra-prod-db.c7k24w6m0hvq.ap-southeast-1.rds.amazonaws.com\"},{\"name\":\"DB_NAME\",\"value\":\"containerizedappsinfraproddb\"},{\"name\":\"DB_PORT\",\"value\":\"5432\"},{\"name\":\"DB_USER\",\"value\":\"masteruser\"}],\"essential\":true,\"image\":\"068882397753.dkr.ecr.ap-southeast-1.amazonaws.com/containerized-apps-infra-prod-app-repo:latest\",\"logConfiguration\":{\"logDriver\":\"awslogs\",\"options\":{\"awslogs-group\":\"/ecs/containerized-apps-infra-prod-task\",\"awslogs-region\":\"ap-southeast-1\",\"awslogs-stream-prefix\":\"ecs\"}},\"mountPoints\":[],\"name\":\"containerized-apps-infra-prod-container\",\"portMappings\":[{\"containerPort\":8000,\"hostPort\":8000,\"protocol\":\"tcp\"}],\"secrets\":[{\"name\":\"DB_PASSWORD\",\"valueFrom\":\"arn:aws:secretsmanager:ap-southeast-1:068882397753:secret:containerized-apps-infra-prod-db-password-dWocnR\"}],\"systemControls\":[],\"volumesFrom\":[]}]",
            "cpu": "256",
            "enable_fault_injection": false,
            "ephemeral_storage": [],
            "execution_role_arn": "arn:aws:iam::068882397753:role/containerized-apps-infra-prod-ecs-execution-role",
            "family": "containerized-apps-infra-prod-task",
            "id": "containerized-apps-infra-prod-task",
            "inference_accelerator": [],
            "ipc_mode": "",
            "memory": "512",
            "network_mode": "awsvpc",
            "pid_mode": "",
            "placement_constraints": [],
            "proxy_configuration": [],
            "requires_compatibilities": [
              "FARGATE"
            ],
            "revision": 2,
            "runtime_platform": [],
            "skip_destroy": false,
            "tags": {
              "Name": "containerized-apps-infra-prod-task-def"
            },
            "tags_all": {
              "Name": "containerized-apps-infra-prod-task-def"
            },
            "task_role_arn": "arn:aws:iam::068882397753:role/containerized-apps-infra-prod-ecs-task-role",
            "track_latest": false,
            "volume": []
          },
          "sensitive_attributes": [
            [
              {
                "type": "get_attr",
                "value": "container_definitions"
              }
            ]
          ],
          "identity_schema_version": 0,
          "private": "eyJzY2hlbWFfdmVyc2lvbiI6IjEifQ==",
          "dependencies": [
            "module.compute.aws_cloudwatch_log_group.ecs_task_logs",
            "module.compute.aws_ecr_repository.app",
            "module.compute.aws_iam_policy.read_flow_logs_policy",
            "module.compute.aws_iam_policy.read_secret_policy",
            "module.compute.aws_iam_role.ecs_task_execution_role",
            "module.compute.aws_iam_role.ecs_task_role",
            "module.compute.aws_iam_role_policy_attachment.ecs_execution_read_secret_attachment",
            "module.compute.aws_iam_role_policy_attachment.ecs_task_execution_policy_attachment",
            "module.compute.aws_iam_role_policy_attachment.ecs_task_read_logs_attachment",
            "module.compute.aws_iam_role_policy_attachment.ecs_task_read_secret_attachment",
            "module.compute.time_sleep.iam_propagation_delay",
            "module.data.aws_db_instance.main",
            "module.data.aws_db_subnet_group.main",
            "module.data.aws_secretsmanager_secret.db_password",
            "module.networking.aws_cloudwatch_log_group.decoy_flow_logs",
            "module.networking.aws_subnet.private_a",
            "module.networking.aws_subnet.private_b",
            "module.networking.aws_vpc.main",
            "module.networking.data.aws_availability_zones.available",
            "module.security.aws_security_group.alb",
            "module.security.aws_security_group.ecs",
            "module.security.aws_security_group.rds"
          ]
        }
      ]
    },
    {
      "module": "module.compute",
      "mode": "managed",
      "type": "aws_iam_policy",
      "name": "read_flow_logs_policy",
      "provider": "provider[\"registry.terraform.io/hashicorp/aws\"]",
      "instances": [
        {
          "schema_version": 0,
          "attributes": {
            "arn": "arn:aws:iam::068882397753:policy/containerized-apps-infra-prod-read-flow-logs-policy",
            "attachment_count": 0,
            "description": "Allows ECS Task Role to read decoy VPC Flow Logs",
            "id": "arn:aws:iam::068882397753:policy/containerized-apps-infra-prod-read-flow-logs-policy",
            "name": "containerized-apps-infra-prod-read-flow-logs-policy",
            "name_prefix": "",
            "path": "/",
            "policy": "{\"Statement\":[{\"Action\":[\"logs:DescribeLogStreams\",\"logs:GetLogEvents\",\"logs:FilterLogEvents\"],\"Effect\":\"Allow\",\"Resource\":[\"arn:aws:logs:ap-southeast-1:068882397753:log-group:/aws/vpc/containerized-apps-infra-prod-decoy-flow-logs\",\"arn:aws:logs:ap-southeast-1:068882397753:log-group:/aws/vpc/containerized-apps-infra-prod-decoy-flow-logs:*\"],\"Sid\":\"ReadDecoyFlowLogs\"}],\"Version\":\"2012-10-17\"}",
            "policy_id": "ANPARACNV7I4X22SEYEL6",
            "tags": null,
            "tags_all": {}
          },
          "sensitive_attributes": [],
          "identity_schema_version": 0,
          "private": "bnVsbA==",
          "dependencies": [
            "module.networking.aws_cloudwatch_log_group.decoy_flow_logs"
          ]
        }
      ]
    },
    {
      "module": "module.compute",
      "mode": "managed",
      "type": "aws_iam_policy",
      "name": "read_secret_policy",
      "provider": "provider[\"registry.terraform.io/hashicorp/aws\"]",
      "instances": [
        {
          "schema_version": 0,
          "attributes": {
            "arn": "arn:aws:iam::068882397753:policy/containerized-apps-infra-prod-read-secret-policy",
            "attachment_count": 0,
            "description": "Allows reading the DB secret",
            "id": "arn:aws:iam::068882397753:policy/containerized-apps-infra-prod-read-secret-policy",
            "name": "containerized-apps-infra-prod-read-secret-policy",
            "name_prefix": "",
            "path": "/",
            "policy": "{\"Statement\":[{\"Action\":\"secretsmanager:GetSecretValue\",\"Effect\":\"Allow\",\"Resource\":\"arn:aws:secretsmanager:ap-southeast-1:068882397753:secret:containerized-apps-infra-prod-db-password-dWocnR\"}],\"Version\":\"2012-10-17\"}",
            "policy_id": "ANPARACNV7I424CLL4WBD",
            "tags": null,
            "tags_all": {}
          },
          "sensitive_attributes": [
            [
              {
                "type": "get_attr",
                "value": "policy"
              }
            ]
          ],
          "identity_schema_version": 0,
          "private": "bnVsbA==",
          "dependencies": [
            "module.compute.aws_iam_role.ecs_task_role",
            "module.data.aws_secretsmanager_secret.db_password"
          ]
        }
      ]
    },
    {
      "module": "module.compute",
      "mode": "managed",
      "type": "aws_iam_role",
      "name": "ecs_task_execution_role",
      "provider": "provider[\"registry.terraform.io/hashicorp/aws\"]",
      "instances": [
        {
          "schema_version": 0,
          "attributes": {
            "arn": "arn:aws:iam::068882397753:role/containerized-apps-infra-prod-ecs-execution-role",
            "assume_role_policy": "{\"Statement\":[{\"Action\":\"sts:AssumeRole\",\"Effect\":\"Allow\",\"Principal\":{\"Service\":\"ecs-tasks.amazonaws.com\"}}],\"Version\":\"2012-10-17\"}",
            "create_date": "2025-10-29T12:20:15Z",
            "description": "",
            "force_detach_policies": false,
            "id": "containerized-apps-infra-prod-ecs-execution-role",
            "inline_policy": [],
            "managed_policy_arns": [],
            "max_session_duration": 3600,
            "name": "containerized-apps-infra-prod-ecs-execution-role",
            "name_prefix": "",
            "path": "/",
            "permissions_boundary": "",
            "tags": null,
            "tags_all": {},
            "unique_id": "AROARACNV7I42EMCQ7PUW"
          },
          "sensitive_attributes": [],
          "identity_schema_version": 0,
          "private": "bnVsbA=="
        }
      ]
    },
    {
      "module": "module.compute",
      "mode": "managed",
      "type": "aws_iam_role",
      "name": "ecs_task_role",
      "provider": "provider[\"registry.terraform.io/hashicorp/aws\"]",
      "instances": [
        {
          "schema_version": 0,
          "attributes": {
            "arn": "arn:aws:iam::068882397753:role/containerized-apps-infra-prod-ecs-task-role",
            "assume_role_policy": "{\"Statement\":[{\"Action\":\"sts:AssumeRole\",\"Effect\":\"Allow\",\"Principal\":{\"Service\":\"ecs-tasks.amazonaws.com\"}}],\"Version\":\"2012-10-17\"}",
            "create_date": "2025-10-29T12:20:15Z",
            "description": "",
            "force_detach_policies": false,
            "id": "containerized-apps-infra-prod-ecs-task-role",
            "inline_policy": [],
            "managed_policy_arns": [],
            "max_session_duration": 3600,
            "name": "containerized-apps-infra-prod-ecs-task-role",
            "name_prefix": "",
            "path": "/",
            "permissions_boundary": "",
            "tags": null,
            "tags_all": {},
            "unique_id": "AROARACNV7I46SUNDBKZW"
          },
          "sensitive_attributes": [],
          "identity_schema_version": 0,
          "private": "bnVsbA=="
        }
      ]
    },
    {
      "module": "module.compute",
      "mode": "managed",
      "type": "aws_iam_role_policy_attachment",
      "name": "ecs_execution_read_secret_attachment",
      "provider": "provider[\"registry.terraform.io/hashicorp/aws\"]",
      "instances": [
        {
          "schema_version": 0,
          "attributes": {
            "id": "containerized-apps-infra-prod-ecs-execution-role-2025102912214624440000000a",
            "policy_arn": "arn:aws:iam::068882397753:policy/containerized-apps-infra-prod-read-secret-policy",
            "role": "containerized-apps-infra-prod-ecs-execution-role"
          },
          "sensitive_attributes": [],
          "identity_schema_version": 0,
          "private": "bnVsbA==",
          "dependencies": [
            "module.compute.aws_iam_policy.read_secret_policy",
            "module.compute.aws_iam_role.ecs_task_execution_role",
            "module.compute.aws_iam_role.ecs_task_role",
            "module.data.aws_secretsmanager_secret.db_password"
          ]
        }
      ]
    },
    {
      "module": "module.compute",
      "mode": "managed",
      "type": "aws_iam_role_policy_attachment",
      "name": "ecs_task_execution_policy_attachment",
      "provider": "provider[\"registry.terraform.io/hashicorp/aws\"]",
      "instances": [
        {
          "schema_version": 0,
          "attributes": {
            "id": "containerized-apps-infra-prod-ecs-execution-role-20251029122018579700000002",
            "policy_arn": "arn:aws:iam::aws:policy/service-role/AmazonECSTaskExecutionRolePolicy",
            "role": "containerized-apps-infra-prod-ecs-execution-role"
          },
          "sensitive_attributes": [],
          "identity_schema_version": 0,
          "private": "bnVsbA==",
          "dependencies": [
            "module.compute.aws_iam_role.ecs_task_execution_role"
          ]
        }
      ]
    },
    {
      "module": "module.compute",
      "mode": "managed",
      "type": "aws_iam_role_policy_attachment",
      "name": "ecs_task_read_logs_attachment",
      "provider": "provider[\"registry.terraform.io/hashicorp/aws\"]",
      "instances": [
        {
          "schema_version": 0,
          "attributes": {
            "id": "containerized-apps-infra-prod-ecs-task-role-20251029122021449900000005",
            "policy_arn": "arn:aws:iam::068882397753:policy/containerized-apps-infra-prod-read-flow-logs-policy",
            "role": "containerized-apps-infra-prod-ecs-task-role"
          },
          "sensitive_attributes": [],
          "identity_schema_version": 0,
          "private": "bnVsbA==",
          "dependencies": [
            "module.compute.aws_iam_policy.read_flow_logs_policy",
            "module.compute.aws_iam_role.ecs_task_role",
            "module.networking.aws_cloudwatch_log_group.decoy_flow_logs"
          ]
        }
      ]
    },
    {
      "module": "module.compute",
      "mode": "managed",
      "type": "aws_iam_role_policy_attachment",
      "name": "ecs_task_read_secret_attachment",
      "provider": "provider[\"registry.terraform.io/hashicorp/aws\"]",
      "instances": [
        {
          "schema_version": 0,
          "attributes": {
            "id": "containerized-apps-infra-prod-ecs-task-role-20251029122145862700000009",
            "policy_arn": "arn:aws:iam::068882397753:policy/containerized-apps-infra-prod-read-secret-policy",
            "role": "containerized-apps-infra-prod-ecs-task-role"
          },
          "sensitive_attributes": [],
          "identity_schema_version": 0,
          "private": "bnVsbA==",
          "dependencies": [
            "module.compute.aws_iam_policy.read_secret_policy",
            "module.compute.aws_iam_role.ecs_task_role",
            "module.data.aws_secretsmanager_secret.db_password"
          ]
        }
      ]
    },
    {
      "module": "module.compute",
      "mode": "managed",
      "type": "aws_lb",
      "name": "main",
      "provider": "provider[\"registry.terraform.io/hashicorp/aws\"]",
      "instances": [
        {
          "schema_version": 0,
          "attributes": {
            "access_logs": [
              {
                "bucket": "",
                "enabled": false,
                "prefix": ""
              }
            ],
            "arn": "arn:aws:elasticloadbalancing:ap-southeast-1:068882397753:loadbalancer/app/containerized-apps-infra-prod-lb/c22dfa381a4f0328",
            "arn_suffix": "app/containerized-apps-infra-prod-lb/c22dfa381a4f0328",
            "client_keep_alive": 3600,
            "connection_logs": [
              {
                "bucket": "",
                "enabled": false,
                "prefix": ""
              }
            ],
            "customer_owned_ipv4_pool": "",
            "desync_mitigation_mode": "defensive",
            "dns_name": "containerized-apps-infra-prod-lb-1168435393.ap-southeast-1.elb.amazonaws.com",
            "dns_record_client_routing_policy": null,
            "drop_invalid_header_fields": false,
            "enable_cross_zone_load_balancing": true,
            "enable_deletion_protection": false,
            "enable_http2": true,
            "enable_tls_version_and_cipher_suite_headers": false,
            "enable_waf_fail_open": false,
            "enable_xff_client_port": false,
            "enable_zonal_shift": false,
            "enforce_security_group_inbound_rules_on_private_link_traffic": "",
            "id": "arn:aws:elasticloadbalancing:ap-southeast-1:068882397753:loadbalancer/app/containerized-apps-infra-prod-lb/c22dfa381a4f0328",
            "idle_timeout": 60,
            "internal": false,
            "ip_address_type": "ipv4",
            "ipam_pools": [],
            "load_balancer_type": "application",
            "minimum_load_balancer_capacity": [],
            "name": "containerized-apps-infra-prod-lb",
            "name_prefix": "",
            "preserve_host_header": false,
            "security_groups": [
              "sg-0094c378d597d3083"
            ],
            "subnet_mapping": [
              {
                "allocation_id": "",
                "ipv6_address": "",
                "outpost_id": "",
                "private_ipv4_address": "",
                "subnet_id": "subnet-0052099f0c3b94e31"
              },
              {
                "allocation_id": "",
                "ipv6_address": "",
                "outpost_id": "",
                "private_ipv4_address": "",
                "subnet_id": "subnet-09f58442ea4838a7f"
              }
            ],
            "subnets": [
              "subnet-0052099f0c3b94e31",
              "subnet-09f58442ea4838a7f"
            ],
            "tags": {
              "Name": "containerized-apps-infra-prod-alb"
            },
            "tags_all": {
              "Name": "containerized-apps-infra-prod-alb"
            },
            "timeouts": null,
            "vpc_id": "vpc-054c014909e2bb0e2",
            "xff_header_processing_mode": "append",
            "zone_id": "Z1LMS91P8CMLE5"
          },
          "sensitive_attributes": [],
          "identity_schema_version": 0,
          "private": "eyJlMmJmYjczMC1lY2FhLTExZTYtOGY4OC0zNDM2M2JjN2M0YzAiOnsiY3JlYXRlIjo2MDAwMDAwMDAwMDAsImRlbGV0ZSI6NjAwMDAwMDAwMDAwLCJ1cGRhdGUiOjYwMDAwMDAwMDAwMH19",
          "dependencies": [
            "module.networking.aws_subnet.public_a",
            "module.networking.aws_subnet.public_b",
            "module.networking.aws_vpc.main",
            "module.networking.data.aws_availability_zones.available",
            "module.security.aws_security_group.alb"
          ]
        }
      ]
    },
    {
      "module": "module.compute",
      "mode": "managed",
      "type": "aws_lb_listener",
      "name": "http",
      "provider": "provider[\"registry.terraform.io/hashicorp/aws\"]",
      "instances": [
        {
          "schema_version": 0,
          "attributes": {
            "alpn_policy": null,
            "arn": "arn:aws:elasticloadbalancing:ap-southeast-1:068882397753:listener/app/containerized-apps-infra-prod-lb/c22dfa381a4f0328/8724852d7150ca7e",
            "certificate_arn": null,
            "default_action": [
              {
                "authenticate_cognito": [],
                "authenticate_oidc": [],
                "fixed_response": [],
                "forward": [],
                "order": 1,
                "redirect": [],
                "target_group_arn": "arn:aws:elasticloadbalancing:ap-southeast-1:068882397753:targetgroup/containerized-apps-infra-prod-tg/2d28b9ef7d3a358f",
                "type": "forward"
              }
            ],
            "id": "arn:aws:elasticloadbalancing:ap-southeast-1:068882397753:listener/app/containerized-apps-infra-prod-lb/c22dfa381a4f0328/8724852d7150ca7e",
            "load_balancer_arn": "arn:aws:elasticloadbalancing:ap-southeast-1:068882397753:loadbalancer/app/containerized-apps-infra-prod-lb/c22dfa381a4f0328",
            "mutual_authentication": [],
            "port": 80,
            "protocol": "HTTP",
            "routing_http_request_x_amzn_mtls_clientcert_header_name": null,
            "routing_http_request_x_amzn_mtls_clientcert_issuer_header_name": null,
            "routing_http_request_x_amzn_mtls_clientcert_leaf_header_name": null,
            "routing_http_request_x_amzn_mtls_clientcert_serial_number_header_name": null,
            "routing_http_request_x_amzn_mtls_clientcert_subject_header_name": null,
            "routing_http_request_x_amzn_mtls_clientcert_validity_header_name": null,
            "routing_http_request_x_amzn_tls_cipher_suite_header_name": null,
            "routing_http_request_x_amzn_tls_version_header_name": null,
            "routing_http_response_access_control_allow_credentials_header_value": "",
            "routing_http_response_access_control_allow_headers_header_value": "",
            "routing_http_response_access_control_allow_methods_header_value": "",
            "routing_http_response_access_control_allow_origin_header_value": "",
            "routing_http_response_access_control_expose_headers_header_value": "",
            "routing_http_response_access_control_max_age_header_value": "",
            "routing_http_response_content_security_policy_header_value": "",
            "routing_http_response_server_enabled": true,
            "routing_http_response_strict_transport_security_header_value": "",
            "routing_http_response_x_content_type_options_header_value": "",
            "routing_http_response_x_frame_options_header_value": "",
            "ssl_policy": "",
            "tags": null,
            "tags_all": {},
            "tcp_idle_timeout_seconds": null,
            "timeouts": null
          },
          "sensitive_attributes": [],
          "identity_schema_version": 0,
          "private": "eyJlMmJmYjczMC1lY2FhLTExZTYtOGY4OC0zNDM2M2JjN2M0YzAiOnsiY3JlYXRlIjozMDAwMDAwMDAwMDAsInVwZGF0ZSI6MzAwMDAwMDAwMDAwfX0=",
          "dependencies": [
            "module.compute.aws_lb.main",
            "module.compute.aws_lb_target_group.main",
            "module.networking.aws_subnet.public_a",
            "module.networking.aws_subnet.public_b",
            "module.networking.aws_vpc.main",
            "module.networking.data.aws_availability_zones.available",
            "module.security.aws_security_group.alb"
          ]
        }
      ]
    },
    {
      "module": "module.compute",
      "mode": "managed",
      "type": "aws_lb_target_group",
      "name": "main",
      "provider": "provider[\"registry.terraform.io/hashicorp/aws\"]",
      "instances": [
        {
          "schema_version": 0,
          "attributes": {
            "arn": "arn:aws:elasticloadbalancing:ap-southeast-1:068882397753:targetgroup/containerized-apps-infra-prod-tg/2d28b9ef7d3a358f",
            "arn_suffix": "targetgroup/containerized-apps-infra-prod-tg/2d28b9ef7d3a358f",
            "connection_termination": null,
            "deregistration_delay": "300",
            "health_check": [
              {
                "enabled": true,
                "healthy_threshold": 2,
                "interval": 30,
                "matcher": "200",
                "path": "/",
                "port": "traffic-port",
                "protocol": "HTTP",
                "timeout": 5,
                "unhealthy_threshold": 2
              }
            ],
            "id": "arn:aws:elasticloadbalancing:ap-southeast-1:068882397753:targetgroup/containerized-apps-infra-prod-tg/2d28b9ef7d3a358f",
            "ip_address_type": "ipv4",
            "lambda_multi_value_headers_enabled": false,
            "load_balancer_arns": [],
            "load_balancing_algorithm_type": "round_robin",
            "load_balancing_anomaly_mitigation": "off",
            "load_balancing_cross_zone_enabled": "use_load_balancer_configuration",
            "name": "containerized-apps-infra-prod-tg",
            "name_prefix": "",
            "port": 8000,
            "preserve_client_ip": null,
            "protocol": "HTTP",
            "protocol_version": "HTTP1",
            "proxy_protocol_v2": false,
            "slow_start": 0,
            "stickiness": [
              {
                "cookie_duration": 86400,
                "cookie_name": "",
                "enabled": false,
                "type": "lb_cookie"
              }
            ],
            "tags": null,
            "tags_all": {},
            "target_failover": [
              {
                "on_deregistration": null,
                "on_unhealthy": null
              }
            ],
            "target_group_health": [
              {
                "dns_failover": [
                  {
                    "minimum_healthy_targets_count": "1",
                    "minimum_healthy_targets_percentage": "off"
                  }
                ],
                "unhealthy_state_routing": [
                  {
                    "minimum_healthy_targets_count": 1,
                    "minimum_healthy_targets_percentage": "off"
                  }
                ]
              }
            ],
            "target_health_state": [
              {
                "enable_unhealthy_connection_termination": null,
                "unhealthy_draining_interval": null
              }
            ],
            "target_type": "ip",
            "vpc_id": "vpc-054c014909e2bb0e2"
          },
          "sensitive_attributes": [],
          "identity_schema_version": 0,
          "private": "bnVsbA==",
          "dependencies": [
            "module.networking.aws_vpc.main"
          ],
          "create_before_destroy": true
        }
      ]
    },
    {
      "module": "module.compute",
      "mode": "managed",
      "type": "time_sleep",
      "name": "iam_propagation_delay",
      "provider": "provider[\"registry.terraform.io/hashicorp/time\"]",
      "instances": [
        {
          "schema_version": 0,
          "attributes": {
            "create_duration": "30s",
            "destroy_duration": null,
            "id": "2025-10-29T12:22:16Z",
            "triggers": null
          },
          "sensitive_attributes": [],
          "identity_schema_version": 0,
          "dependencies": [
            "module.compute.aws_iam_policy.read_flow_logs_policy",
            "module.compute.aws_iam_policy.read_secret_policy",
            "module.compute.aws_iam_role.ecs_task_execution_role",
            "module.compute.aws_iam_role.ecs_task_role",
            "module.compute.aws_iam_role_policy_attachment.ecs_execution_read_secret_attachment",
            "module.compute.aws_iam_role_policy_attachment.ecs_task_execution_policy_attachment",
            "module.compute.aws_iam_role_policy_attachment.ecs_task_read_logs_attachment",
            "module.compute.aws_iam_role_policy_attachment.ecs_task_read_secret_attachment",
            "module.data.aws_secretsmanager_secret.db_password",
            "module.networking.aws_cloudwatch_log_group.decoy_flow_logs"
          ]
        }
      ]
    },
    {
      "module": "module.cost_management",
      "mode": "managed",
      "type": "aws_budgets_budget",
      "name": "monthly",
      "provider": "provider[\"registry.terraform.io/hashicorp/aws\"]",
      "instances": [
        {
          "schema_version": 0,
          "attributes": {
            "account_id": "068882397753",
            "arn": "arn:aws:budgets::068882397753:budget/containerized-apps-infra-prod-monthly-budget",
            "auto_adjust_data": [],
            "budget_type": "COST",
            "cost_filter": [],
            "cost_types": [
              {
                "include_credit": true,
                "include_discount": true,
                "include_other_subscription": true,
                "include_recurring": true,
                "include_refund": true,
                "include_subscription": true,
                "include_support": true,
                "include_tax": true,
                "include_upfront": true,
                "use_amortized": false,
                "use_blended": false
              }
            ],
            "id": "068882397753:containerized-apps-infra-prod-monthly-budget",
            "limit_amount": "15.0",
            "limit_unit": "USD",
            "name": "containerized-apps-infra-prod-monthly-budget",
            "name_prefix": "",
            "notification": [
              {
                "comparison_operator": "GREATER_THAN",
                "notification_type": "FORECASTED",
                "subscriber_email_addresses": [
                  "asivamal@gmail.com"
                ],
                "subscriber_sns_topic_arns": [],
                "threshold": 80,
                "threshold_type": "PERCENTAGE"
              }
            ],
            "planned_limit": [],
            "tags": null,
            "tags_all": {},
            "time_period_end": "2087-06-15_00:00",
            "time_period_start": "2025-10-01_00:00",
            "time_unit": "MONTHLY"
          },
          "sensitive_attributes": [],
          "identity_schema_version": 0,
          "private": "bnVsbA=="
        }
      ]
    },
    {
      "module": "module.cost_management",
      "mode": "managed",
      "type": "aws_ce_anomaly_monitor",
      "name": "service_monitor",
      "provider": "provider[\"registry.terraform.io/hashicorp/aws\"]",
      "instances": [
        {
          "schema_version": 0,
          "attributes": {
            "arn": "arn:aws:ce::068882397753:anomalymonitor/983b20f9-2bc7-443e-9f0e-4fd355c5388a",
            "id": "arn:aws:ce::068882397753:anomalymonitor/983b20f9-2bc7-443e-9f0e-4fd355c5388a",
            "monitor_dimension": "",
            "monitor_specification": "{\"And\":null,\"CostCategories\":null,\"Dimensions\":null,\"Not\":null,\"Or\":null,\"Tags\":{\"Key\":\"user:Name\",\"MatchOptions\":null,\"Values\":[\"containerized-apps-infra-prod\"]}}",
            "monitor_type": "CUSTOM",
            "name": "containerized-apps-infra-prod-service-monitor",
            "tags": null,
            "tags_all": {}
          },
          "sensitive_attributes": [],
          "identity_schema_version": 0,
          "private": "bnVsbA=="
        }
      ]
    },
    {
      "module": "module.cost_management",
      "mode": "managed",
      "type": "aws_ce_anomaly_subscription",
      "name": "email_subscription",
      "provider": "provider[\"registry.terraform.io/hashicorp/aws\"]",
      "instances": [
        {
          "schema_version": 0,
          "attributes": {
            "account_id": "068882397753",
            "arn": "arn:aws:ce::068882397753:anomalysubscription/afa9b36c-dd8b-4f2c-90d3-ae590364e3fb",
            "frequency": "DAILY",
            "id": "arn:aws:ce::068882397753:anomalysubscription/afa9b36c-dd8b-4f2c-90d3-ae590364e3fb",
            "monitor_arn_list": [
              "arn:aws:ce::068882397753:anomalymonitor/983b20f9-2bc7-443e-9f0e-4fd355c5388a"
            ],
            "name": "containerized-apps-infra-prod-anomaly-subscription",
            "subscriber": [
              {
                "address": "asivamal@gmail.com",
                "type": "EMAIL"
              }
            ],
            "tags": null,
            "tags_all": {},
            "threshold_expression": [
              {
                "and": [],
                "cost_category": [],
                "dimension": [
                  {
                    "key": "ANOMALY_TOTAL_IMPACT_ABSOLUTE",
                    "match_options": [
                      "GREATER_THAN_OR_EQUAL"
                    ],
                    "values": [
                      "15"
                    ]
                  }
                ],
                "not": [],
                "or": [],
                "tags": []
              }
            ]
          },
          "sensitive_attributes": [],
          "identity_schema_version": 0,
          "private": "bnVsbA==",
          "dependencies": [
            "module.cost_management.aws_ce_anomaly_monitor.service_monitor"
          ]
        }
      ]
    },
    {
      "module": "module.data",
      "mode": "managed",
      "type": "aws_db_instance",
      "name": "main",
      "provider": "provider[\"registry.terraform.io/hashicorp/aws\"]",
      "instances": [
        {
          "schema_version": 2,
          "attributes": {
            "address": "containerized-apps-infra-prod-db.c7k24w6m0hvq.ap-southeast-1.rds.amazonaws.com",
            "allocated_storage": 10,
            "allow_major_version_upgrade": null,
            "apply_immediately": false,
            "arn": "arn:aws:rds:ap-southeast-1:068882397753:db:containerized-apps-infra-prod-db",
            "auto_minor_version_upgrade": true,
            "availability_zone": "ap-southeast-1b",
            "backup_retention_period": 0,
            "backup_target": "region",
            "backup_window": "19:53-20:23",
            "blue_green_update": [],
            "ca_cert_identifier": "rds-ca-rsa2048-g1",
            "character_set_name": "",
            "copy_tags_to_snapshot": false,
            "custom_iam_instance_profile": "",
            "customer_owned_ip_enabled": false,
            "database_insights_mode": "standard",
            "db_name": "containerizedappsinfraproddb",
            "db_subnet_group_name": "containerized-apps-infra-prod-db-subnet-group",
            "dedicated_log_volume": false,
            "delete_automated_backups": true,
            "deletion_protection": false,
            "domain": "",
            "domain_auth_secret_arn": "",
            "domain_dns_ips": [],
            "domain_fqdn": "",
            "domain_iam_role_name": "",
            "domain_ou": "",
            "enabled_cloudwatch_logs_exports": [],
            "endpoint": "containerized-apps-infra-prod-db.c7k24w6m0hvq.ap-southeast-1.rds.amazonaws.com:5432",
            "engine": "postgres",
            "engine_lifecycle_support": "open-source-rds-extended-support",
            "engine_version": "16.6",
            "engine_version_actual": "16.6",
            "final_snapshot_identifier": null,
            "hosted_zone_id": "Z2G0U3KFCY8NZ5",
            "iam_database_authentication_enabled": false,
            "id": "db-ZBZJNNFOFQFAFPBDT5VYGDKVFM",
            "identifier": "containerized-apps-infra-prod-db",
            "identifier_prefix": "",
            "instance_class": "db.t3.micro",
            "iops": 0,
            "kms_key_id": "",
            "latest_restorable_time": "",
            "license_model": "postgresql-license",
            "listener_endpoint": [],
            "maintenance_window": "sat:15:58-sat:16:28",
            "manage_master_user_password": null,
            "master_user_secret": [],
            "master_user_secret_kms_key_id": null,
            "max_allocated_storage": 0,
            "monitoring_interval": 0,
            "monitoring_role_arn": "",
            "multi_az": false,
            "nchar_character_set_name": "",
            "network_type": "IPV4",
            "option_group_name": "default:postgres-16",
            "parameter_group_name": "default.postgres16",
            "password": "secretpassword123",
            "password_wo": null,
            "password_wo_version": null,
            "performance_insights_enabled": false,
            "performance_insights_kms_key_id": "",
            "performance_insights_retention_period": 0,
            "port": 5432,
            "publicly_accessible": false,
            "replica_mode": "",
            "replicas": [],
            "replicate_source_db": "",
            "resource_id": "db-ZBZJNNFOFQFAFPBDT5VYGDKVFM",
            "restore_to_point_in_time": [],
            "s3_import": [],
            "skip_final_snapshot": true,
            "snapshot_identifier": null,
            "status": "available",
            "storage_encrypted": false,
            "storage_throughput": 0,
            "storage_type": "gp2",
            "tags": {},
            "tags_all": {},
            "timeouts": null,
            "timezone": "",
            "upgrade_storage_config": null,
            "username": "masteruser",
            "vpc_security_group_ids": [
              "sg-0e1cc3b5594b1c2db"
            ]
          },
          "sensitive_attributes": [
            [
              {
                "type": "get_attr",
                "value": "password"
              }
            ],
            [
              {
                "type": "get_attr",
                "value": "password_wo"
              }
            ]
          ],
          "identity_schema_version": 0,
          "private": "eyJlMmJmYjczMC1lY2FhLTExZTYtOGY4OC0zNDM2M2JjN2M0YzAiOnsiY3JlYXRlIjozMDAwMDAwMDAwMDAwLCJkZWxldGUiOjM2MDAwMDAwMDAwMDAsInVwZGF0ZSI6NDgwMDAwMDAwMDAwMH0sInNjaGVtYV92ZXJzaW9uIjoiMiJ9",
          "dependencies": [
            "module.data.aws_db_subnet_group.main",
            "module.networking.aws_subnet.private_a",
            "module.networking.aws_subnet.private_b",
            "module.networking.aws_vpc.main",
            "module.networking.data.aws_availability_zones.available",
            "module.security.aws_security_group.alb",
            "module.security.aws_security_group.ecs",
            "module.security.aws_security_group.rds"
          ]
        }
      ]
    },
    {
      "module": "module.data",
      "mode": "managed",
      "type": "aws_db_subnet_group",
      "name": "main",
      "provider": "provider[\"registry.terraform.io/hashicorp/aws\"]",
      "instances": [
        {
          "schema_version": 0,
          "attributes": {
            "arn": "arn:aws:rds:ap-southeast-1:068882397753:subgrp:containerized-apps-infra-prod-db-subnet-group",
            "description": "Managed by Terraform",
            "id": "containerized-apps-infra-prod-db-subnet-group",
            "name": "containerized-apps-infra-prod-db-subnet-group",
            "name_prefix": "",
            "subnet_ids": [
              "subnet-000986fef35c5f870",
              "subnet-0de081b553ba41b0f"
            ],
            "supported_network_types": [
              "IPV4"
            ],
            "tags": {
              "Name": "containerized-apps-infra-prod-db-subnet-group"
            },
            "tags_all": {
              "Name": "containerized-apps-infra-prod-db-subnet-group"
            },
            "vpc_id": "vpc-054c014909e2bb0e2"
          },
          "sensitive_attributes": [],
          "identity_schema_version": 0,
          "private": "bnVsbA==",
          "dependencies": [
            "module.networking.aws_subnet.private_a",
            "module.networking.aws_subnet.private_b",
            "module.networking.aws_vpc.main",
            "module.networking.data.aws_availability_zones.available"
          ]
        }
      ]
    },
    {
      "module": "module.data",
      "mode": "managed",
      "type": "aws_kms_key",
      "name": "quarantine_key",
      "provider": "provider[\"registry.terraform.io/hashicorp/aws\"]",
      "instances": [
        {
          "schema_version": 0,
          "attributes": {
            "arn": "arn:aws:kms:ap-southeast-1:068882397753:key/2ec8ef89-76ce-4be2-8aa8-0f4fa2b9642d",
            "bypass_policy_lockout_safety_check": false,
            "custom_key_store_id": "",
            "customer_master_key_spec": "SYMMETRIC_DEFAULT",
            "deletion_window_in_days": 7,
            "description": "KMS key for the secure PII quarantine S3 bucket",
            "enable_key_rotation": true,
            "id": "2ec8ef89-76ce-4be2-8aa8-0f4fa2b9642d",
            "is_enabled": true,
            "key_id": "2ec8ef89-76ce-4be2-8aa8-0f4fa2b9642d",
            "key_usage": "ENCRYPT_DECRYPT",
            "multi_region": false,
            "policy": "{\"Id\":\"key-default-1\",\"Statement\":[{\"Action\":\"kms:*\",\"Effect\":\"Allow\",\"Principal\":{\"AWS\":\"arn:aws:iam::068882397753:root\"},\"Resource\":\"*\",\"Sid\":\"Enable IAM User Permissions\"}],\"Version\":\"2012-10-17\"}",
            "rotation_period_in_days": 365,
            "tags": {
              "Name": "containerized-apps-infra-prod-quarantine-key"
            },
            "tags_all": {
              "Name": "containerized-apps-infra-prod-quarantine-key"
            },
            "timeouts": null,
            "xks_key_id": ""
          },
          "sensitive_attributes": [],
          "identity_schema_version": 0,
          "private": "eyJlMmJmYjczMC1lY2FhLTExZTYtOGY4OC0zNDM2M2JjN2M0YzAiOnsiY3JlYXRlIjoxMjAwMDAwMDAwMDB9fQ=="
        }
      ]
    },
    {
      "module": "module.data",
      "mode": "managed",
      "type": "aws_s3_bucket",
      "name": "quarantine",
      "provider": "provider[\"registry.terraform.io/hashicorp/aws\"]",
      "instances": [
        {
          "schema_version": 0,
          "attributes": {
            "acceleration_status": "",
            "acl": null,
            "arn": "arn:aws:s3:::containerized-apps-infra-prod-quarantine-e27eq12q",
            "bucket": "containerized-apps-infra-prod-quarantine-e27eq12q",
            "bucket_domain_name": "containerized-apps-infra-prod-quarantine-e27eq12q.s3.amazonaws.com",
            "bucket_prefix": "",
            "bucket_regional_domain_name": "containerized-apps-infra-prod-quarantine-e27eq12q.s3.ap-southeast-1.amazonaws.com",
            "cors_rule": [],
            "force_destroy": false,
            "grant": [
              {
                "id": "d0a87f68a614d2bba1183a09461ab43706b61386356184c9aabcc5170df8f38b",
                "permissions": [
                  "FULL_CONTROL"
                ],
                "type": "CanonicalUser",
                "uri": ""
              }
            ],
            "hosted_zone_id": "Z3O0J2DXBE1FTB",
            "id": "containerized-apps-infra-prod-quarantine-e27eq12q",
            "lifecycle_rule": [],
            "logging": [],
            "object_lock_configuration": [],
            "object_lock_enabled": false,
            "policy": "",
            "region": "ap-southeast-1",
            "replication_configuration": [],
            "request_payer": "BucketOwner",
            "server_side_encryption_configuration": [
              {
                "rule": [
                  {
                    "apply_server_side_encryption_by_default": [
                      {
                        "kms_master_key_id": "",
                        "sse_algorithm": "AES256"
                      }
                    ],
                    "bucket_key_enabled": false
                  }
                ]
              }
            ],
            "tags": {
              "Name": "containerized-apps-infra-prod-quarantine-bucket"
            },
            "tags_all": {
              "Name": "containerized-apps-infra-prod-quarantine-bucket"
            },
            "timeouts": null,
            "versioning": [
              {
                "enabled": false,
                "mfa_delete": false
              }
            ],
            "website": [],
            "website_domain": null,
            "website_endpoint": null
          },
          "sensitive_attributes": [],
          "identity_schema_version": 0,
          "private": "eyJlMmJmYjczMC1lY2FhLTExZTYtOGY4OC0zNDM2M2JjN2M0YzAiOnsiY3JlYXRlIjoxMjAwMDAwMDAwMDAwLCJkZWxldGUiOjM2MDAwMDAwMDAwMDAsInJlYWQiOjEyMDAwMDAwMDAwMDAsInVwZGF0ZSI6MTIwMDAwMDAwMDAwMH19",
          "dependencies": [
            "module.data.random_string.bucket_suffix"
          ]
        }
      ]
    },
    {
      "module": "module.data",
      "mode": "managed",
      "type": "aws_s3_bucket_policy",
      "name": "quarantine_policy",
      "provider": "provider[\"registry.terraform.io/hashicorp/aws\"]",
      "instances": [
        {
          "schema_version": 0,
          "attributes": {
            "bucket": "containerized-apps-infra-prod-quarantine-e27eq12q",
            "id": "containerized-apps-infra-prod-quarantine-e27eq12q",
            "policy": "{\"Statement\":[{\"Action\":\"s3:PutObject\",\"Condition\":{\"StringNotEquals\":{\"s3:x-amz-server-side-encryption\":\"aws:kms\"}},\"Effect\":\"Deny\",\"Principal\":\"*\",\"Resource\":\"arn:aws:s3:::containerized-apps-infra-prod-quarantine-e27eq12q/*\",\"Sid\":\"EnforceKMSEncryption\"}],\"Version\":\"2012-10-17\"}"
          },
          "sensitive_attributes": [],
          "identity_schema_version": 0,
          "private": "bnVsbA==",
          "dependencies": [
            "module.data.aws_s3_bucket.quarantine",
            "module.data.random_string.bucket_suffix"
          ]
        }
      ]
    },
    {
      "module": "module.data",
      "mode": "managed",
      "type": "aws_s3_bucket_public_access_block",
      "name": "quarantine_public_access",
      "provider": "provider[\"registry.terraform.io/hashicorp/aws\"]",
      "instances": [
        {
          "schema_version": 0,
          "attributes": {
            "block_public_acls": true,
            "block_public_policy": true,
            "bucket": "containerized-apps-infra-prod-quarantine-e27eq12q",
            "id": "containerized-apps-infra-prod-quarantine-e27eq12q",
            "ignore_public_acls": true,
            "restrict_public_buckets": true
          },
          "sensitive_attributes": [],
          "identity_schema_version": 0,
          "private": "bnVsbA==",
          "dependencies": [
            "module.data.aws_s3_bucket.quarantine",
            "module.data.random_string.bucket_suffix"
          ]
        }
      ]
    },
    {
      "module": "module.data",
      "mode": "managed",
      "type": "aws_s3_bucket_server_side_encryption_configuration",
      "name": "quarantine_encryption",
      "provider": "provider[\"registry.terraform.io/hashicorp/aws\"]",
      "instances": [
        {
          "schema_version": 0,
          "attributes": {
            "bucket": "containerized-apps-infra-prod-quarantine-e27eq12q",
            "expected_bucket_owner": "",
            "id": "containerized-apps-infra-prod-quarantine-e27eq12q",
            "rule": [
              {
                "apply_server_side_encryption_by_default": [
                  {
                    "kms_master_key_id": "arn:aws:kms:ap-southeast-1:068882397753:key/2ec8ef89-76ce-4be2-8aa8-0f4fa2b9642d",
                    "sse_algorithm": "aws:kms"
                  }
                ],
                "bucket_key_enabled": null
              }
            ]
          },
          "sensitive_attributes": [],
          "identity_schema_version": 0,
          "private": "bnVsbA==",
          "dependencies": [
            "module.data.aws_kms_key.quarantine_key",
            "module.data.aws_s3_bucket.quarantine",
            "module.data.random_string.bucket_suffix"
          ]
        }
      ]
    },
    {
      "module": "module.data",
      "mode": "managed",
      "type": "aws_secretsmanager_secret",
      "name": "db_password",
      "provider": "provider[\"registry.terraform.io/hashicorp/aws\"]",
      "instances": [
        {
          "schema_version": 0,
          "attributes": {
            "arn": "arn:aws:secretsmanager:ap-southeast-1:068882397753:secret:containerized-apps-infra-prod-db-password-dWocnR",
            "description": "",
            "force_overwrite_replica_secret": false,
            "id": "arn:aws:secretsmanager:ap-southeast-1:068882397753:secret:containerized-apps-infra-prod-db-password-dWocnR",
            "kms_key_id": "",
            "name": "containerized-apps-infra-prod-db-password",
            "name_prefix": "",
            "policy": "",
            "recovery_window_in_days": 30,
            "replica": [],
            "tags": null,
            "tags_all": {}
          },
          "sensitive_attributes": [],
          "identity_schema_version": 0,
          "private": "bnVsbA=="
        }
      ]
    },
    {
      "module": "module.data",
      "mode": "managed",
      "type": "aws_secretsmanager_secret_version",
      "name": "db_password_version",
      "provider": "provider[\"registry.terraform.io/hashicorp/aws\"]",
      "instances": [
        {
          "schema_version": 0,
          "attributes": {
            "arn": "arn:aws:secretsmanager:ap-southeast-1:068882397753:secret:containerized-apps-infra-prod-db-password-dWocnR",
            "has_secret_string_wo": null,
            "id": "arn:aws:secretsmanager:ap-southeast-1:068882397753:secret:containerized-apps-infra-prod-db-password-dWocnR|terraform-20251029122143235000000008",
            "secret_binary": "",
            "secret_id": "arn:aws:secretsmanager:ap-southeast-1:068882397753:secret:containerized-apps-infra-prod-db-password-dWocnR",
            "secret_string": "secretpassword123",
            "secret_string_wo": null,
            "secret_string_wo_version": null,
            "version_id": "terraform-20251029122143235000000008",
            "version_stages": [
              "AWSCURRENT"
            ]
          },
          "sensitive_attributes": [
            [
              {
                "type": "get_attr",
                "value": "secret_binary"
              }
            ],
            [
              {
                "type": "get_attr",
                "value": "secret_string"
              }
            ],
            [
              {
                "type": "get_attr",
                "value": "secret_string_wo"
              }
            ]
          ],
          "identity_schema_version": 0,
          "private": "bnVsbA==",
          "dependencies": [
            "module.data.aws_secretsmanager_secret.db_password"
          ]
        }
      ]
    },
    {
      "module": "module.data",
      "mode": "managed",
      "type": "random_string",
      "name": "bucket_suffix",
      "provider": "provider[\"registry.terraform.io/hashicorp/random\"]",
      "instances": [
        {
          "schema_version": 2,
          "attributes": {
            "id": "e27eq12q",
            "keepers": null,
            "length": 8,
            "lower": true,
            "min_lower": 0,
            "min_numeric": 0,
            "min_special": 0,
            "min_upper": 0,
            "number": true,
            "numeric": true,
            "override_special": null,
            "result": "e27eq12q",
            "special": false,
            "upper": false
          },
          "sensitive_attributes": [],
          "identity_schema_version": 0
        }
      ]
    },
    {
      "module": "module.logging",
      "mode": "data",
      "type": "aws_caller_identity",
      "name": "current",
      "provider": "provider[\"registry.terraform.io/hashicorp/aws\"]",
      "instances": [
        {
          "schema_version": 0,
          "attributes": {
            "account_id": "068882397753",
            "arn": "arn:aws:iam::068882397753:user/terraform-user",
            "id": "068882397753",
            "user_id": "AIDARACNV7I446XMND4C5"
          },
          "sensitive_attributes": [],
          "identity_schema_version": 0
        }
      ]
    },
    {
      "module": "module.logging",
      "mode": "data",
      "type": "aws_iam_policy_document",
      "name": "s3_policy",
      "provider": "provider[\"registry.terraform.io/hashicorp/aws\"]",
      "instances": [
        {
          "schema_version": 0,
          "attributes": {
            "id": "3062911378",
            "json": "{\n  \"Version\": \"2012-10-17\",\n  \"Statement\": [\n    {\n      \"Sid\": \"AWSCloudTrailAclCheck\",\n      \"Effect\": \"Allow\",\n      \"Action\": \"s3:GetBucketAcl\",\n      \"Resource\": \"arn:aws:s3:::containerized-apps-infra-prod-log-bucket-38a0f74bd0c84392\",\n      \"Principal\": {\n        \"Service\": \"cloudtrail.amazonaws.com\"\n      }\n    },\n    {\n      \"Sid\": \"AWSCloudTrailWrite\",\n      \"Effect\": \"Allow\",\n      \"Action\": \"s3:PutObject\",\n      \"Resource\": \"arn:aws:s3:::containerized-apps-infra-prod-log-bucket-38a0f74bd0c84392/AWSLogs/068882397753/*\",\n      \"Principal\": {\n        \"Service\": \"cloudtrail.amazonaws.com\"\n      },\n      \"Condition\": {\n        \"StringEquals\": {\n          \"s3:x-amz-acl\": \"bucket-owner-full-control\"\n        }\n      }\n    }\n  ]\n}",
            "minified_json": "{\"Version\":\"2012-10-17\",\"Statement\":[{\"Sid\":\"AWSCloudTrailAclCheck\",\"Effect\":\"Allow\",\"Action\":\"s3:GetBucketAcl\",\"Resource\":\"arn:aws:s3:::containerized-apps-infra-prod-log-bucket-38a0f74bd0c84392\",\"Principal\":{\"Service\":\"cloudtrail.amazonaws.com\"}},{\"Sid\":\"AWSCloudTrailWrite\",\"Effect\":\"Allow\",\"Action\":\"s3:PutObject\",\"Resource\":\"arn:aws:s3:::containerized-apps-infra-prod-log-bucket-38a0f74bd0c84392/AWSLogs/068882397753/*\",\"Principal\":{\"Service\":\"cloudtrail.amazonaws.com\"},\"Condition\":{\"StringEquals\":{\"s3:x-amz-acl\":\"bucket-owner-full-control\"}}}]}",
            "override_json": null,
            "override_policy_documents": null,
            "policy_id": null,
            "source_json": null,
            "source_policy_documents": null,
            "statement": [
              {
                "actions": [
                  "s3:GetBucketAcl"
                ],
                "condition": [],
                "effect": "Allow",
                "not_actions": [],
                "not_principals": [],
                "not_resources": [],
                "principals": [
                  {
                    "identifiers": [
                      "cloudtrail.amazonaws.com"
                    ],
                    "type": "Service"
                  }
                ],
                "resources": [
                  "arn:aws:s3:::containerized-apps-infra-prod-log-bucket-38a0f74bd0c84392"
                ],
                "sid": "AWSCloudTrailAclCheck"
              },
              {
                "actions": [
                  "s3:PutObject"
                ],
                "condition": [
                  {
                    "test": "StringEquals",
                    "values": [
                      "bucket-owner-full-control"
                    ],
                    "variable": "s3:x-amz-acl"
                  }
                ],
                "effect": "Allow",
                "not_actions": [],
                "not_principals": [],
                "not_resources": [],
                "principals": [
                  {
                    "identifiers": [
                      "cloudtrail.amazonaws.com"
                    ],
                    "type": "Service"
                  }
                ],
                "resources": [
                  "arn:aws:s3:::containerized-apps-infra-prod-log-bucket-38a0f74bd0c84392/AWSLogs/068882397753/*"
                ],
                "sid": "AWSCloudTrailWrite"
              }
            ],
            "version": "2012-10-17"
          },
          "sensitive_attributes": [],
          "identity_schema_version": 0
        }
      ]
    },
    {
      "module": "module.logging",
      "mode": "data",
      "type": "aws_partition",
      "name": "current",
      "provider": "provider[\"registry.terraform.io/hashicorp/aws\"]",
      "instances": [
        {
          "schema_version": 0,
          "attributes": {
            "dns_suffix": "amazonaws.com",
            "id": "aws",
            "partition": "aws",
            "reverse_dns_prefix": "com.amazonaws"
          },
          "sensitive_attributes": [],
          "identity_schema_version": 0
        }
      ]
    },
    {
      "module": "module.logging",
      "mode": "managed",
      "type": "aws_cloudtrail",
      "name": "main",
      "provider": "provider[\"registry.terraform.io/hashicorp/aws\"]",
      "instances": [
        {
          "schema_version": 1,
          "attributes": {
            "advanced_event_selector": [],
            "arn": "arn:aws:cloudtrail:ap-southeast-1:068882397753:trail/containerized-apps-infra-prod-trail",
            "cloud_watch_logs_group_arn": "",
            "cloud_watch_logs_role_arn": "",
            "enable_log_file_validation": false,
            "enable_logging": true,
            "event_selector": [],
            "home_region": "ap-southeast-1",
            "id": "arn:aws:cloudtrail:ap-southeast-1:068882397753:trail/containerized-apps-infra-prod-trail",
            "include_global_service_events": true,
            "insight_selector": [],
            "is_multi_region_trail": true,
            "is_organization_trail": false,
            "kms_key_id": "",
            "name": "containerized-apps-infra-prod-trail",
            "s3_bucket_name": "containerized-apps-infra-prod-log-bucket-38a0f74bd0c84392",
            "s3_key_prefix": "",
            "sns_topic_arn": "",
            "sns_topic_name": "",
            "tags": {
              "Name": "containerized-apps-infra-prod-trail"
            },
            "tags_all": {
              "Name": "containerized-apps-infra-prod-trail"
            }
          },
          "sensitive_attributes": [],
          "identity_schema_version": 0,
          "private": "eyJzY2hlbWFfdmVyc2lvbiI6IjEifQ==",
          "dependencies": [
            "module.logging.aws_s3_bucket.log_bucket",
            "module.logging.aws_s3_bucket_policy.log_bucket_policy",
            "module.logging.data.aws_caller_identity.current",
            "module.logging.data.aws_iam_policy_document.s3_policy",
            "module.logging.random_id.bucket_suffix"
          ]
        }
      ]
    },
    {
      "module": "module.logging",
      "mode": "managed",
      "type": "aws_s3_bucket",
      "name": "log_bucket",
      "provider": "provider[\"registry.terraform.io/hashicorp/aws\"]",
      "instances": [
        {
          "schema_version": 0,
          "attributes": {
            "acceleration_status": "",
            "acl": null,
            "arn": "arn:aws:s3:::containerized-apps-infra-prod-log-bucket-38a0f74bd0c84392",
            "bucket": "containerized-apps-infra-prod-log-bucket-38a0f74bd0c84392",
            "bucket_domain_name": "containerized-apps-infra-prod-log-bucket-38a0f74bd0c84392.s3.amazonaws.com",
            "bucket_prefix": "",
            "bucket_regional_domain_name": "containerized-apps-infra-prod-log-bucket-38a0f74bd0c84392.s3.ap-southeast-1.amazonaws.com",
            "cors_rule": [],
            "force_destroy": true,
            "grant": [
              {
                "id": "d0a87f68a614d2bba1183a09461ab43706b61386356184c9aabcc5170df8f38b",
                "permissions": [
                  "FULL_CONTROL"
                ],
                "type": "CanonicalUser",
                "uri": ""
              }
            ],
            "hosted_zone_id": "Z3O0J2DXBE1FTB",
            "id": "containerized-apps-infra-prod-log-bucket-38a0f74bd0c84392",
            "lifecycle_rule": [],
            "logging": [],
            "object_lock_configuration": [],
            "object_lock_enabled": false,
            "policy": "",
            "region": "ap-southeast-1",
            "replication_configuration": [],
            "request_payer": "BucketOwner",
            "server_side_encryption_configuration": [
              {
                "rule": [
                  {
                    "apply_server_side_encryption_by_default": [
                      {
                        "kms_master_key_id": "",
                        "sse_algorithm": "AES256"
                      }
                    ],
                    "bucket_key_enabled": false
                  }
                ]
              }
            ],
            "tags": {
              "Name": "containerized-apps-infra-prod-log-bucket"
            },
            "tags_all": {
              "Name": "containerized-apps-infra-prod-log-bucket"
            },
            "timeouts": null,
            "versioning": [
              {
                "enabled": false,
                "mfa_delete": false
              }
            ],
            "website": [],
            "website_domain": null,
            "website_endpoint": null
          },
          "sensitive_attributes": [],
          "identity_schema_version": 0,
          "private": "eyJlMmJmYjczMC1lY2FhLTExZTYtOGY4OC0zNDM2M2JjN2M0YzAiOnsiY3JlYXRlIjoxMjAwMDAwMDAwMDAwLCJkZWxldGUiOjM2MDAwMDAwMDAwMDAsInJlYWQiOjEyMDAwMDAwMDAwMDAsInVwZGF0ZSI6MTIwMDAwMDAwMDAwMH19",
          "dependencies": [
            "module.logging.random_id.bucket_suffix"
          ]
        }
      ]
    },
    {
      "module": "module.logging",
      "mode": "managed",
      "type": "aws_s3_bucket_policy",
      "name": "log_bucket_policy",
      "provider": "provider[\"registry.terraform.io/hashicorp/aws\"]",
      "instances": [
        {
          "schema_version": 0,
          "attributes": {
            "bucket": "containerized-apps-infra-prod-log-bucket-38a0f74bd0c84392",
            "id": "containerized-apps-infra-prod-log-bucket-38a0f74bd0c84392",
            "policy": "{\"Statement\":[{\"Action\":\"s3:GetBucketAcl\",\"Effect\":\"Allow\",\"Principal\":{\"Service\":\"cloudtrail.amazonaws.com\"},\"Resource\":\"arn:aws:s3:::containerized-apps-infra-prod-log-bucket-38a0f74bd0c84392\",\"Sid\":\"AWSCloudTrailAclCheck\"},{\"Action\":\"s3:PutObject\",\"Condition\":{\"StringEquals\":{\"s3:x-amz-acl\":\"bucket-owner-full-control\"}},\"Effect\":\"Allow\",\"Principal\":{\"Service\":\"cloudtrail.amazonaws.com\"},\"Resource\":\"arn:aws:s3:::containerized-apps-infra-prod-log-bucket-38a0f74bd0c84392/AWSLogs/068882397753/*\",\"Sid\":\"AWSCloudTrailWrite\"}],\"Version\":\"2012-10-17\"}"
          },
          "sensitive_attributes": [],
          "identity_schema_version": 0,
          "private": "bnVsbA==",
          "dependencies": [
            "module.logging.aws_s3_bucket.log_bucket",
            "module.logging.data.aws_caller_identity.current",
            "module.logging.data.aws_iam_policy_document.s3_policy",
            "module.logging.random_id.bucket_suffix"
          ]
        }
      ]
    },
    {
      "module": "module.logging",
      "mode": "managed",
      "type": "aws_s3_bucket_public_access_block",
      "name": "log_bucket",
      "provider": "provider[\"registry.terraform.io/hashicorp/aws\"]",
      "instances": [
        {
          "schema_version": 0,
          "attributes": {
            "block_public_acls": true,
            "block_public_policy": true,
            "bucket": "containerized-apps-infra-prod-log-bucket-38a0f74bd0c84392",
            "id": "containerized-apps-infra-prod-log-bucket-38a0f74bd0c84392",
            "ignore_public_acls": true,
            "restrict_public_buckets": true
          },
          "sensitive_attributes": [],
          "identity_schema_version": 0,
          "private": "bnVsbA==",
          "dependencies": [
            "module.logging.aws_s3_bucket.log_bucket",
            "module.logging.random_id.bucket_suffix"
          ]
        }
      ]
    },
    {
      "module": "module.logging",
      "mode": "managed",
      "type": "random_id",
      "name": "bucket_suffix",
      "provider": "provider[\"registry.terraform.io/hashicorp/random\"]",
      "instances": [
        {
          "schema_version": 0,
          "attributes": {
            "b64_std": "OKD3S9DIQ5I=",
            "b64_url": "OKD3S9DIQ5I",
            "byte_length": 8,
            "dec": "4080533167395062674",
            "hex": "38a0f74bd0c84392",
            "id": "OKD3S9DIQ5I",
            "keepers": null,
            "prefix": null
          },
          "sensitive_attributes": [],
          "identity_schema_version": 0
        }
      ]
    },
    {
      "module": "module.networking",
      "mode": "data",
      "type": "aws_availability_zones",
      "name": "available",
      "provider": "provider[\"registry.terraform.io/hashicorp/aws\"]",
      "instances": [
        {
          "schema_version": 0,
          "attributes": {
            "all_availability_zones": null,
            "exclude_names": null,
            "exclude_zone_ids": null,
            "filter": null,
            "group_names": [
              "ap-southeast-1-zg-1"
            ],
            "id": "ap-southeast-1",
            "names": [
              "ap-southeast-1a",
              "ap-southeast-1b",
              "ap-southeast-1c"
            ],
            "state": null,
            "timeouts": null,
            "zone_ids": [
              "apse1-az2",
              "apse1-az1",
              "apse1-az3"
            ]
          },
          "sensitive_attributes": [],
          "identity_schema_version": 0
        }
      ]
    },
    {
      "module": "module.networking",
      "mode": "managed",
      "type": "aws_cloudwatch_log_group",
      "name": "decoy_flow_logs",
      "provider": "provider[\"registry.terraform.io/hashicorp/aws\"]",
      "instances": [
        {
          "schema_version": 0,
          "attributes": {
            "arn": "arn:aws:logs:ap-southeast-1:068882397753:log-group:/aws/vpc/containerized-apps-infra-prod-decoy-flow-logs",
            "id": "/aws/vpc/containerized-apps-infra-prod-decoy-flow-logs",
            "kms_key_id": "",
            "log_group_class": "STANDARD",
            "name": "/aws/vpc/containerized-apps-infra-prod-decoy-flow-logs",
            "name_prefix": "",
            "retention_in_days": 7,
            "skip_destroy": false,
            "tags": {
              "Name": "containerized-apps-infra-prod-decoy-flow-log-group"
            },
            "tags_all": {
              "Name": "containerized-apps-infra-prod-decoy-flow-log-group"
            }
          },
          "sensitive_attributes": [],
          "identity_schema_version": 0,
          "private": "bnVsbA=="
        }
      ]
    },
    {
      "module": "module.networking",
      "mode": "managed",
      "type": "aws_eip",
      "name": "nat",
      "provider": "provider[\"registry.terraform.io/hashicorp/aws\"]",
      "instances": [
        {
          "schema_version": 0,
          "attributes": {
            "address": null,
            "allocation_id": "eipalloc-0631ff8844588611a",
            "arn": "arn:aws:ec2:ap-southeast-1:068882397753:elastic-ip/eipalloc-0631ff8844588611a",
            "associate_with_private_ip": null,
            "association_id": "",
            "carrier_ip": "",
            "customer_owned_ip": "",
            "customer_owned_ipv4_pool": "",
            "domain": "vpc",
            "id": "eipalloc-0631ff8844588611a",
            "instance": "",
            "ipam_pool_id": null,
            "network_border_group": "ap-southeast-1",
            "network_interface": "",
            "private_dns": null,
            "private_ip": "",
            "ptr_record": "",
            "public_dns": "ec2-47-129-16-23.ap-southeast-1.compute.amazonaws.com",
            "public_ip": "47.129.16.23",
            "public_ipv4_pool": "amazon",
            "tags": {
              "Name": "containerized-apps-infra-prod-nat-eip"
            },
            "tags_all": {
              "Name": "containerized-apps-infra-prod-nat-eip"
            },
            "timeouts": null,
            "vpc": true
          },
          "sensitive_attributes": [],
          "identity_schema_version": 0,
          "private": "eyJlMmJmYjczMC1lY2FhLTExZTYtOGY4OC0zNDM2M2JjN2M0YzAiOnsiZGVsZXRlIjoxODAwMDAwMDAwMDAsInJlYWQiOjkwMDAwMDAwMDAwMCwidXBkYXRlIjozMDAwMDAwMDAwMDB9fQ=="
        }
      ]
    },
    {
      "module": "module.networking",
      "mode": "managed",
      "type": "aws_iam_policy",
      "name": "flow_log_policy",
      "provider": "provider[\"registry.terraform.io/hashicorp/aws\"]",
      "instances": [
        {
          "schema_version": 0,
          "attributes": {
            "arn": "arn:aws:iam::068882397753:policy/containerized-apps-infra-prod-flow-log-policy",
            "attachment_count": 0,
            "description": "Allows VPC Flow Logs to publish logs to CloudWatch",
            "id": "arn:aws:iam::068882397753:policy/containerized-apps-infra-prod-flow-log-policy",
            "name": "containerized-apps-infra-prod-flow-log-policy",
            "name_prefix": "",
            "path": "/",
            "policy": "{\"Statement\":[{\"Action\":[\"logs:CreateLogStream\",\"logs:PutLogEvents\",\"logs:DescribeLogGroups\",\"logs:DescribeLogStreams\"],\"Effect\":\"Allow\",\"Resource\":\"*\"}],\"Version\":\"2012-10-17\"}",
            "policy_id": "ANPARACNV7I4TYHAXFMAD",
            "tags": null,
            "tags_all": {}
          },
          "sensitive_attributes": [],
          "identity_schema_version": 0,
          "private": "bnVsbA=="
        }
      ]
    },
    {
      "module": "module.networking",
      "mode": "managed",
      "type": "aws_iam_role",
      "name": "flow_log_role",
      "provider": "provider[\"registry.terraform.io/hashicorp/aws\"]",
      "instances": [
        {
          "schema_version": 0,
          "attributes": {
            "arn": "arn:aws:iam::068882397753:role/containerized-apps-infra-prod-flow-log-role",
            "assume_role_policy": "{\"Statement\":[{\"Action\":\"sts:AssumeRole\",\"Effect\":\"Allow\",\"Principal\":{\"Service\":\"vpc-flow-logs.amazonaws.com\"}}],\"Version\":\"2012-10-17\"}",
            "create_date": "2025-10-29T12:20:15Z",
            "description": "",
            "force_detach_policies": false,
            "id": "containerized-apps-infra-prod-flow-log-role",
            "inline_policy": [],
            "managed_policy_arns": [],
            "max_session_duration": 3600,
            "name": "containerized-apps-infra-prod-flow-log-role",
            "name_prefix": "",
            "path": "/",
            "permissions_boundary": "",
            "tags": null,
            "tags_all": {},
            "unique_id": "AROARACNV7I4RFBPSBUXS"
          },
          "sensitive_attributes": [],
          "identity_schema_version": 0,
          "private": "bnVsbA=="
        }
      ]
    },
    {
      "module": "module.networking",
      "mode": "managed",
      "type": "aws_iam_role_policy_attachment",
      "name": "flow_log_attachment",
      "provider": "provider[\"registry.terraform.io/hashicorp/aws\"]",
      "instances": [
        {
          "schema_version": 0,
          "attributes": {
            "id": "containerized-apps-infra-prod-flow-log-role-20251029122019886600000004",
            "policy_arn": "arn:aws:iam::068882397753:policy/containerized-apps-infra-prod-flow-log-policy",
            "role": "containerized-apps-infra-prod-flow-log-role"
          },
          "sensitive_attributes": [],
          "identity_schema_version": 0,
          "private": "bnVsbA==",
          "dependencies": [
            "module.networking.aws_iam_policy.flow_log_policy",
            "module.networking.aws_iam_role.flow_log_role"
          ]
        }
      ]
    },
    {
      "module": "module.networking",
      "mode": "managed",
      "type": "aws_internet_gateway",
      "name": "main",
      "provider": "provider[\"registry.terraform.io/hashicorp/aws\"]",
      "instances": [
        {
          "schema_version": 0,
          "attributes": {
            "arn": "arn:aws:ec2:ap-southeast-1:068882397753:internet-gateway/igw-0a3b65f3c95bde3d3",
            "id": "igw-0a3b65f3c95bde3d3",
            "owner_id": "068882397753",
            "tags": {
              "Name": "containerized-apps-infra-prod-igw"
            },
            "tags_all": {
              "Name": "containerized-apps-infra-prod-igw"
            },
            "timeouts": null,
            "vpc_id": "vpc-054c014909e2bb0e2"
          },
          "sensitive_attributes": [],
          "identity_schema_version": 0,
          "private": "eyJlMmJmYjczMC1lY2FhLTExZTYtOGY4OC0zNDM2M2JjN2M0YzAiOnsiY3JlYXRlIjoxMjAwMDAwMDAwMDAwLCJkZWxldGUiOjEyMDAwMDAwMDAwMDAsInVwZGF0ZSI6MTIwMDAwMDAwMDAwMH19",
          "dependencies": [
            "module.networking.aws_vpc.main"
          ]
        }
      ]
    },
    {
      "module": "module.networking",
      "mode": "managed",
      "type": "aws_nat_gateway",
      "name": "main",
      "provider": "provider[\"registry.terraform.io/hashicorp/aws\"]",
      "instances": [
        {
          "schema_version": 0,
          "attributes": {
            "allocation_id": "eipalloc-0631ff8844588611a",
            "association_id": "eipassoc-03e873853ce2f4230",
            "connectivity_type": "public",
            "id": "nat-092093a89498d203c",
            "network_interface_id": "eni-06a4219946ce2f4db",
            "private_ip": "10.0.1.154",
            "public_ip": "47.129.16.23",
            "secondary_allocation_ids": null,
            "secondary_private_ip_address_count": 0,
            "secondary_private_ip_addresses": [],
            "subnet_id": "subnet-0052099f0c3b94e31",
            "tags": {
              "Name": "containerized-apps-infra-prod-nat-gw"
            },
            "tags_all": {
              "Name": "containerized-apps-infra-prod-nat-gw"
            },
            "timeouts": null
          },
          "sensitive_attributes": [],
          "identity_schema_version": 0,
          "private": "eyJlMmJmYjczMC1lY2FhLTExZTYtOGY4OC0zNDM2M2JjN2M0YzAiOnsiY3JlYXRlIjo2MDAwMDAwMDAwMDAsImRlbGV0ZSI6MTgwMDAwMDAwMDAwMCwidXBkYXRlIjo2MDAwMDAwMDAwMDB9fQ==",
          "dependencies": [
            "module.networking.aws_eip.nat",
            "module.networking.aws_internet_gateway.main",
            "module.networking.aws_subnet.public_a",
            "module.networking.aws_vpc.main",
            "module.networking.data.aws_availability_zones.available"
          ]
        }
      ]
    },
    {
      "module": "module.networking",
      "mode": "managed",
      "type": "aws_route_table",
      "name": "private",
      "provider": "provider[\"registry.terraform.io/hashicorp/aws\"]",
      "instances": [
        {
          "schema_version": 0,
          "attributes": {
            "arn": "arn:aws:ec2:ap-southeast-1:068882397753:route-table/rtb-0d3c8118abbf3b958",
            "id": "rtb-0d3c8118abbf3b958",
            "owner_id": "068882397753",
            "propagating_vgws": [],
            "route": [
              {
                "carrier_gateway_id": "",
                "cidr_block": "0.0.0.0/0",
                "core_network_arn": "",
                "destination_prefix_list_id": "",
                "egress_only_gateway_id": "",
                "gateway_id": "",
                "ipv6_cidr_block": "",
                "local_gateway_id": "",
                "nat_gateway_id": "nat-092093a89498d203c",
                "network_interface_id": "",
                "transit_gateway_id": "",
                "vpc_endpoint_id": "",
                "vpc_peering_connection_id": ""
              }
            ],
            "tags": {
              "Name": "containerized-apps-infra-prod-private-rt"
            },
            "tags_all": {
              "Name": "containerized-apps-infra-prod-private-rt"
            },
            "timeouts": null,
            "vpc_id": "vpc-054c014909e2bb0e2"
          },
          "sensitive_attributes": [],
          "identity_schema_version": 0,
          "private": "eyJlMmJmYjczMC1lY2FhLTExZTYtOGY4OC0zNDM2M2JjN2M0YzAiOnsiY3JlYXRlIjozMDAwMDAwMDAwMDAsImRlbGV0ZSI6MzAwMDAwMDAwMDAwLCJ1cGRhdGUiOjEyMDAwMDAwMDAwMH19",
          "dependencies": [
            "module.networking.aws_eip.nat",
            "module.networking.aws_internet_gateway.main",
            "module.networking.aws_nat_gateway.main",
            "module.networking.aws_subnet.public_a",
            "module.networking.aws_vpc.main",
            "module.networking.data.aws_availability_zones.available"
          ]
        }
      ]
    },
    {
      "module": "module.networking",
      "mode": "managed",
      "type": "aws_route_table",
      "name": "public",
      "provider": "provider[\"registry.terraform.io/hashicorp/aws\"]",
      "instances": [
        {
          "schema_version": 0,
          "attributes": {
            "arn": "arn:aws:ec2:ap-southeast-1:068882397753:route-table/rtb-081ba867ff1f4489b",
            "id": "rtb-081ba867ff1f4489b",
            "owner_id": "068882397753",
            "propagating_vgws": [],
            "route": [
              {
                "carrier_gateway_id": "",
                "cidr_block": "0.0.0.0/0",
                "core_network_arn": "",
                "destination_prefix_list_id": "",
                "egress_only_gateway_id": "",
                "gateway_id": "igw-0a3b65f3c95bde3d3",
                "ipv6_cidr_block": "",
                "local_gateway_id": "",
                "nat_gateway_id": "",
                "network_interface_id": "",
                "transit_gateway_id": "",
                "vpc_endpoint_id": "",
                "vpc_peering_connection_id": ""
              }
            ],
            "tags": {
              "Name": "containerized-apps-infra-prod-public-rt"
            },
            "tags_all": {
              "Name": "containerized-apps-infra-prod-public-rt"
            },
            "timeouts": null,
            "vpc_id": "vpc-054c014909e2bb0e2"
          },
          "sensitive_attributes": [],
          "identity_schema_version": 0,
          "private": "eyJlMmJmYjczMC1lY2FhLTExZTYtOGY4OC0zNDM2M2JjN2M0YzAiOnsiY3JlYXRlIjozMDAwMDAwMDAwMDAsImRlbGV0ZSI6MzAwMDAwMDAwMDAwLCJ1cGRhdGUiOjEyMDAwMDAwMDAwMH19",
          "dependencies": [
            "module.networking.aws_internet_gateway.main",
            "module.networking.aws_vpc.main"
          ]
        }
      ]
    },
    {
      "module": "module.networking",
      "mode": "managed",
      "type": "aws_route_table_association",
      "name": "private_a",
      "provider": "provider[\"registry.terraform.io/hashicorp/aws\"]",
      "instances": [
        {
          "schema_version": 0,
          "attributes": {
            "gateway_id": "",
            "id": "rtbassoc-022e26cffdd6fb629",
            "route_table_id": "rtb-0d3c8118abbf3b958",
            "subnet_id": "subnet-0de081b553ba41b0f",
            "timeouts": null
          },
          "sensitive_attributes": [],
          "identity_schema_version": 0,
          "private": "eyJlMmJmYjczMC1lY2FhLTExZTYtOGY4OC0zNDM2M2JjN2M0YzAiOnsiY3JlYXRlIjozMDAwMDAwMDAwMDAsImRlbGV0ZSI6MzAwMDAwMDAwMDAwLCJ1cGRhdGUiOjEyMDAwMDAwMDAwMH19",
          "dependencies": [
            "module.networking.aws_eip.nat",
            "module.networking.aws_internet_gateway.main",
            "module.networking.aws_nat_gateway.main",
            "module.networking.aws_route_table.private",
            "module.networking.aws_subnet.private_a",
            "module.networking.aws_subnet.public_a",
            "module.networking.aws_vpc.main",
            "module.networking.data.aws_availability_zones.available"
          ]
        }
      ]
    },
    {
      "module": "module.networking",
      "mode": "managed",
      "type": "aws_route_table_association",
      "name": "private_b",
      "provider": "provider[\"registry.terraform.io/hashicorp/aws\"]",
      "instances": [
        {
          "schema_version": 0,
          "attributes": {
            "gateway_id": "",
            "id": "rtbassoc-0f0f995a47e59b8a0",
            "route_table_id": "rtb-0d3c8118abbf3b958",
            "subnet_id": "subnet-000986fef35c5f870",
            "timeouts": null
          },
          "sensitive_attributes": [],
          "identity_schema_version": 0,
          "private": "eyJlMmJmYjczMC1lY2FhLTExZTYtOGY4OC0zNDM2M2JjN2M0YzAiOnsiY3JlYXRlIjozMDAwMDAwMDAwMDAsImRlbGV0ZSI6MzAwMDAwMDAwMDAwLCJ1cGRhdGUiOjEyMDAwMDAwMDAwMH19",
          "dependencies": [
            "module.networking.aws_eip.nat",
            "module.networking.aws_internet_gateway.main",
            "module.networking.aws_nat_gateway.main",
            "module.networking.aws_route_table.private",
            "module.networking.aws_subnet.private_b",
            "module.networking.aws_subnet.public_a",
            "module.networking.aws_vpc.main",
            "module.networking.data.aws_availability_zones.available"
          ]
        }
      ]
    },
    {
      "module": "module.networking",
      "mode": "managed",
      "type": "aws_route_table_association",
      "name": "public_a",
      "provider": "provider[\"registry.terraform.io/hashicorp/aws\"]",
      "instances": [
        {
          "schema_version": 0,
          "attributes": {
            "gateway_id": "",
            "id": "rtbassoc-0e3879e34dd5bb1d3",
            "route_table_id": "rtb-081ba867ff1f4489b",
            "subnet_id": "subnet-0052099f0c3b94e31",
            "timeouts": null
          },
          "sensitive_attributes": [],
          "identity_schema_version": 0,
          "private": "eyJlMmJmYjczMC1lY2FhLTExZTYtOGY4OC0zNDM2M2JjN2M0YzAiOnsiY3JlYXRlIjozMDAwMDAwMDAwMDAsImRlbGV0ZSI6MzAwMDAwMDAwMDAwLCJ1cGRhdGUiOjEyMDAwMDAwMDAwMH19",
          "dependencies": [
            "module.networking.aws_internet_gateway.main",
            "module.networking.aws_route_table.public",
            "module.networking.aws_subnet.public_a",
            "module.networking.aws_vpc.main",
            "module.networking.data.aws_availability_zones.available"
          ]
        }
      ]
    },
    {
      "module": "module.networking",
      "mode": "managed",
      "type": "aws_route_table_association",
      "name": "public_b",
      "provider": "provider[\"registry.terraform.io/hashicorp/aws\"]",
      "instances": [
        {
          "schema_version": 0,
          "attributes": {
            "gateway_id": "",
            "id": "rtbassoc-07bf8d56775d890f9",
            "route_table_id": "rtb-081ba867ff1f4489b",
            "subnet_id": "subnet-09f58442ea4838a7f",
            "timeouts": null
          },
          "sensitive_attributes": [],
          "identity_schema_version": 0,
          "private": "eyJlMmJmYjczMC1lY2FhLTExZTYtOGY4OC0zNDM2M2JjN2M0YzAiOnsiY3JlYXRlIjozMDAwMDAwMDAwMDAsImRlbGV0ZSI6MzAwMDAwMDAwMDAwLCJ1cGRhdGUiOjEyMDAwMDAwMDAwMH19",
          "dependencies": [
            "module.networking.aws_internet_gateway.main",
            "module.networking.aws_route_table.public",
            "module.networking.aws_subnet.public_b",
            "module.networking.aws_vpc.main",
            "module.networking.data.aws_availability_zones.available"
          ]
        }
      ]
    },
    {
      "module": "module.networking",
      "mode": "managed",
      "type": "aws_subnet",
      "name": "private_a",
      "provider": "provider[\"registry.terraform.io/hashicorp/aws\"]",
      "instances": [
        {
          "schema_version": 1,
          "attributes": {
            "arn": "arn:aws:ec2:ap-southeast-1:068882397753:subnet/subnet-0de081b553ba41b0f",
            "assign_ipv6_address_on_creation": false,
            "availability_zone": "ap-southeast-1a",
            "availability_zone_id": "apse1-az2",
            "cidr_block": "10.0.3.0/24",
            "customer_owned_ipv4_pool": "",
            "enable_dns64": false,
            "enable_lni_at_device_index": 0,
            "enable_resource_name_dns_a_record_on_launch": false,
            "enable_resource_name_dns_aaaa_record_on_launch": false,
            "id": "subnet-0de081b553ba41b0f",
            "ipv6_cidr_block": "",
            "ipv6_cidr_block_association_id": "",
            "ipv6_native": false,
            "map_customer_owned_ip_on_launch": false,
            "map_public_ip_on_launch": false,
            "outpost_arn": "",
            "owner_id": "068882397753",
            "private_dns_hostname_type_on_launch": "ip-name",
            "tags": {
              "Name": "containerized-apps-infra-prod-private-subnet-a"
            },
            "tags_all": {
              "Name": "containerized-apps-infra-prod-private-subnet-a"
            },
            "timeouts": null,
            "vpc_id": "vpc-054c014909e2bb0e2"
          },
          "sensitive_attributes": [],
          "identity_schema_version": 0,
          "private": "eyJlMmJmYjczMC1lY2FhLTExZTYtOGY4OC0zNDM2M2JjN2M0YzAiOnsiY3JlYXRlIjo2MDAwMDAwMDAwMDAsImRlbGV0ZSI6MTIwMDAwMDAwMDAwMH0sInNjaGVtYV92ZXJzaW9uIjoiMSJ9",
          "dependencies": [
            "module.networking.aws_vpc.main",
            "module.networking.data.aws_availability_zones.available"
          ]
        }
      ]
    },
    {
      "module": "module.networking",
      "mode": "managed",
      "type": "aws_subnet",
      "name": "private_b",
      "provider": "provider[\"registry.terraform.io/hashicorp/aws\"]",
      "instances": [
        {
          "schema_version": 1,
          "attributes": {
            "arn": "arn:aws:ec2:ap-southeast-1:068882397753:subnet/subnet-000986fef35c5f870",
            "assign_ipv6_address_on_creation": false,
            "availability_zone": "ap-southeast-1b",
            "availability_zone_id": "apse1-az1",
            "cidr_block": "10.0.4.0/24",
            "customer_owned_ipv4_pool": "",
            "enable_dns64": false,
            "enable_lni_at_device_index": 0,
            "enable_resource_name_dns_a_record_on_launch": false,
            "enable_resource_name_dns_aaaa_record_on_launch": false,
            "id": "subnet-000986fef35c5f870",
            "ipv6_cidr_block": "",
            "ipv6_cidr_block_association_id": "",
            "ipv6_native": false,
            "map_customer_owned_ip_on_launch": false,
            "map_public_ip_on_launch": false,
            "outpost_arn": "",
            "owner_id": "068882397753",
            "private_dns_hostname_type_on_launch": "ip-name",
            "tags": {
              "Name": "containerized-apps-infra-prod-private-subnet-b"
            },
            "tags_all": {
              "Name": "containerized-apps-infra-prod-private-subnet-b"
            },
            "timeouts": null,
            "vpc_id": "vpc-054c014909e2bb0e2"
          },
          "sensitive_attributes": [],
          "identity_schema_version": 0,
          "private": "eyJlMmJmYjczMC1lY2FhLTExZTYtOGY4OC0zNDM2M2JjN2M0YzAiOnsiY3JlYXRlIjo2MDAwMDAwMDAwMDAsImRlbGV0ZSI6MTIwMDAwMDAwMDAwMH0sInNjaGVtYV92ZXJzaW9uIjoiMSJ9",
          "dependencies": [
            "module.networking.aws_vpc.main",
            "module.networking.data.aws_availability_zones.available"
          ]
        }
      ]
    },
    {
      "module": "module.networking",
      "mode": "managed",
      "type": "aws_subnet",
      "name": "public_a",
      "provider": "provider[\"registry.terraform.io/hashicorp/aws\"]",
      "instances": [
        {
          "schema_version": 1,
          "attributes": {
            "arn": "arn:aws:ec2:ap-southeast-1:068882397753:subnet/subnet-0052099f0c3b94e31",
            "assign_ipv6_address_on_creation": false,
            "availability_zone": "ap-southeast-1a",
            "availability_zone_id": "apse1-az2",
            "cidr_block": "10.0.1.0/24",
            "customer_owned_ipv4_pool": "",
            "enable_dns64": false,
            "enable_lni_at_device_index": 0,
            "enable_resource_name_dns_a_record_on_launch": false,
            "enable_resource_name_dns_aaaa_record_on_launch": false,
            "id": "subnet-0052099f0c3b94e31",
            "ipv6_cidr_block": "",
            "ipv6_cidr_block_association_id": "",
            "ipv6_native": false,
            "map_customer_owned_ip_on_launch": false,
            "map_public_ip_on_launch": true,
            "outpost_arn": "",
            "owner_id": "068882397753",
            "private_dns_hostname_type_on_launch": "ip-name",
            "tags": {
              "Name": "containerized-apps-infra-prod-public-subnet-a"
            },
            "tags_all": {
              "Name": "containerized-apps-infra-prod-public-subnet-a"
            },
            "timeouts": null,
            "vpc_id": "vpc-054c014909e2bb0e2"
          },
          "sensitive_attributes": [],
          "identity_schema_version": 0,
          "private": "eyJlMmJmYjczMC1lY2FhLTExZTYtOGY4OC0zNDM2M2JjN2M0YzAiOnsiY3JlYXRlIjo2MDAwMDAwMDAwMDAsImRlbGV0ZSI6MTIwMDAwMDAwMDAwMH0sInNjaGVtYV92ZXJzaW9uIjoiMSJ9",
          "dependencies": [
            "module.networking.aws_vpc.main",
            "module.networking.data.aws_availability_zones.available"
          ]
        }
      ]
    },
    {
      "module": "module.networking",
      "mode": "managed",
      "type": "aws_subnet",
      "name": "public_b",
      "provider": "provider[\"registry.terraform.io/hashicorp/aws\"]",
      "instances": [
        {
          "schema_version": 1,
          "attributes": {
            "arn": "arn:aws:ec2:ap-southeast-1:068882397753:subnet/subnet-09f58442ea4838a7f",
            "assign_ipv6_address_on_creation": false,
            "availability_zone": "ap-southeast-1b",
            "availability_zone_id": "apse1-az1",
            "cidr_block": "10.0.2.0/24",
            "customer_owned_ipv4_pool": "",
            "enable_dns64": false,
            "enable_lni_at_device_index": 0,
            "enable_resource_name_dns_a_record_on_launch": false,
            "enable_resource_name_dns_aaaa_record_on_launch": false,
            "id": "subnet-09f58442ea4838a7f",
            "ipv6_cidr_block": "",
            "ipv6_cidr_block_association_id": "",
            "ipv6_native": false,
            "map_customer_owned_ip_on_launch": false,
            "map_public_ip_on_launch": true,
            "outpost_arn": "",
            "owner_id": "068882397753",
            "private_dns_hostname_type_on_launch": "ip-name",
            "tags": {
              "Name": "containerized-apps-infra-prod-public-subnet-b"
            },
            "tags_all": {
              "Name": "containerized-apps-infra-prod-public-subnet-b"
            },
            "timeouts": null,
            "vpc_id": "vpc-054c014909e2bb0e2"
          },
          "sensitive_attributes": [],
          "identity_schema_version": 0,
          "private": "eyJlMmJmYjczMC1lY2FhLTExZTYtOGY4OC0zNDM2M2JjN2M0YzAiOnsiY3JlYXRlIjo2MDAwMDAwMDAwMDAsImRlbGV0ZSI6MTIwMDAwMDAwMDAwMH0sInNjaGVtYV92ZXJzaW9uIjoiMSJ9",
          "dependencies": [
            "module.networking.aws_vpc.main",
            "module.networking.data.aws_availability_zones.available"
          ]
        }
      ]
    },
    {
      "module": "module.networking",
      "mode": "managed",
      "type": "aws_vpc",
      "name": "main",
      "provider": "provider[\"registry.terraform.io/hashicorp/aws\"]",
      "instances": [
        {
          "schema_version": 1,
          "attributes": {
            "arn": "arn:aws:ec2:ap-southeast-1:068882397753:vpc/vpc-054c014909e2bb0e2",
            "assign_generated_ipv6_cidr_block": false,
            "cidr_block": "10.0.0.0/16",
            "default_network_acl_id": "acl-0ee67e4a0437fb51d",
            "default_route_table_id": "rtb-0faee820e4407a120",
            "default_security_group_id": "sg-0795674f090f9f614",
            "dhcp_options_id": "dopt-0e565a51eb9bfdb98",
            "enable_dns_hostnames": true,
            "enable_dns_support": true,
            "enable_network_address_usage_metrics": false,
            "id": "vpc-054c014909e2bb0e2",
            "instance_tenancy": "default",
            "ipv4_ipam_pool_id": null,
            "ipv4_netmask_length": null,
            "ipv6_association_id": "",
            "ipv6_cidr_block": "",
            "ipv6_cidr_block_network_border_group": "",
            "ipv6_ipam_pool_id": "",
            "ipv6_netmask_length": 0,
            "main_route_table_id": "rtb-0faee820e4407a120",
            "owner_id": "068882397753",
            "tags": {
              "Name": "containerized-apps-infra-prod-vpc"
            },
            "tags_all": {
              "Name": "containerized-apps-infra-prod-vpc"
            }
          },
          "sensitive_attributes": [],
          "identity_schema_version": 0,
          "private": "eyJzY2hlbWFfdmVyc2lvbiI6IjEifQ==",
          "create_before_destroy": true
        }
      ]
    },
    {
      "module": "module.security",
      "mode": "managed",
      "type": "aws_security_group",
      "name": "alb",
      "provider": "provider[\"registry.terraform.io/hashicorp/aws\"]",
      "instances": [
        {
          "schema_version": 1,
          "attributes": {
            "arn": "arn:aws:ec2:ap-southeast-1:068882397753:security-group/sg-0094c378d597d3083",
            "description": "Controls access to the Application Load Balancer",
            "egress": [
              {
                "cidr_blocks": [
                  "0.0.0.0/0"
                ],
                "description": "Allow all outbound traffic",
                "from_port": 0,
                "ipv6_cidr_blocks": [],
                "prefix_list_ids": [],
                "protocol": "-1",
                "security_groups": [],
                "self": false,
                "to_port": 0
              }
            ],
            "id": "sg-0094c378d597d3083",
            "ingress": [
              {
                "cidr_blocks": [
                  "0.0.0.0/0"
                ],
                "description": "Allow HTTP inbound",
                "from_port": 80,
                "ipv6_cidr_blocks": [],
                "prefix_list_ids": [],
                "protocol": "tcp",
                "security_groups": [],
                "self": false,
                "to_port": 80
              },
              {
                "cidr_blocks": [
                  "0.0.0.0/0"
                ],
                "description": "Allow HTTPS inbound",
                "from_port": 443,
                "ipv6_cidr_blocks": [],
                "prefix_list_ids": [],
                "protocol": "tcp",
                "security_groups": [],
                "self": false,
                "to_port": 443
              }
            ],
            "name": "containerized-apps-infra-prod-alb-sg",
            "name_prefix": "",
            "owner_id": "068882397753",
            "revoke_rules_on_delete": false,
            "tags": {
              "Name": "containerized-apps-infra-prod-alb-sg"
            },
            "tags_all": {
              "Name": "containerized-apps-infra-prod-alb-sg"
            },
            "timeouts": null,
            "vpc_id": "vpc-054c014909e2bb0e2"
          },
          "sensitive_attributes": [],
          "identity_schema_version": 0,
          "private": "eyJlMmJmYjczMC1lY2FhLTExZTYtOGY4OC0zNDM2M2JjN2M0YzAiOnsiY3JlYXRlIjo2MDAwMDAwMDAwMDAsImRlbGV0ZSI6OTAwMDAwMDAwMDAwfSwic2NoZW1hX3ZlcnNpb24iOiIxIn0=",
          "dependencies": [
            "module.networking.aws_vpc.main"
          ]
        }
      ]
    },
    {
      "module": "module.security",
      "mode": "managed",
      "type": "aws_security_group",
      "name": "ecs",
      "provider": "provider[\"registry.terraform.io/hashicorp/aws\"]",
      "instances": [
        {
          "schema_version": 1,
          "attributes": {
            "arn": "arn:aws:ec2:ap-southeast-1:068882397753:security-group/sg-0247bc7539498c4cb",
            "description": "Controls access to the ECS Fargate services",
            "egress": [
              {
                "cidr_blocks": [
                  "0.0.0.0/0"
                ],
                "description": "Allow all outbound traffic",
                "from_port": 0,
                "ipv6_cidr_blocks": [],
                "prefix_list_ids": [],
                "protocol": "-1",
                "security_groups": [],
                "self": false,
                "to_port": 0
              }
            ],
            "id": "sg-0247bc7539498c4cb",
            "ingress": [
              {
                "cidr_blocks": [],
                "description": "Allow traffic from ALB",
                "from_port": 8000,
                "ipv6_cidr_blocks": [],
                "prefix_list_ids": [],
                "protocol": "tcp",
                "security_groups": [
                  "sg-0094c378d597d3083"
                ],
                "self": false,
                "to_port": 8000
              }
            ],
            "name": "containerized-apps-infra-prod-ecs-sg",
            "name_prefix": "",
            "owner_id": "068882397753",
            "revoke_rules_on_delete": false,
            "tags": {
              "Name": "containerized-apps-infra-prod-ecs-sg"
            },
            "tags_all": {
              "Name": "containerized-apps-infra-prod-ecs-sg"
            },
            "timeouts": null,
            "vpc_id": "vpc-054c014909e2bb0e2"
          },
          "sensitive_attributes": [],
          "identity_schema_version": 0,
          "private": "eyJlMmJmYjczMC1lY2FhLTExZTYtOGY4OC0zNDM2M2JjN2M0YzAiOnsiY3JlYXRlIjo2MDAwMDAwMDAwMDAsImRlbGV0ZSI6OTAwMDAwMDAwMDAwfSwic2NoZW1hX3ZlcnNpb24iOiIxIn0=",
          "dependencies": [
            "module.networking.aws_vpc.main",
            "module.security.aws_security_group.alb"
          ]
        }
      ]
    },
    {
      "module": "module.security",
      "mode": "managed",
      "type": "aws_security_group",
      "name": "rds",
      "provider": "provider[\"registry.terraform.io/hashicorp/aws\"]",
      "instances": [
        {
          "schema_version": 1,
          "attributes": {
            "arn": "arn:aws:ec2:ap-southeast-1:068882397753:security-group/sg-0e1cc3b5594b1c2db",
            "description": "Controls access to the RDS database instance",
            "egress": [
              {
                "cidr_blocks": [
                  "0.0.0.0/0"
                ],
                "description": "Allow all outbound traffic (within VPC)",
                "from_port": 0,
                "ipv6_cidr_blocks": [],
                "prefix_list_ids": [],
                "protocol": "-1",
                "security_groups": [],
                "self": false,
                "to_port": 0
              }
            ],
            "id": "sg-0e1cc3b5594b1c2db",
            "ingress": [
              {
                "cidr_blocks": [],
                "description": "Allow traffic from ECS services",
                "from_port": 5432,
                "ipv6_cidr_blocks": [],
                "prefix_list_ids": [],
                "protocol": "tcp",
                "security_groups": [
                  "sg-0247bc7539498c4cb"
                ],
                "self": false,
                "to_port": 5432
              }
            ],
            "name": "containerized-apps-infra-prod-rds-sg",
            "name_prefix": "",
            "owner_id": "068882397753",
            "revoke_rules_on_delete": false,
            "tags": {
              "Name": "containerized-apps-infra-prod-rds-sg"
            },
            "tags_all": {
              "Name": "containerized-apps-infra-prod-rds-sg"
            },
            "timeouts": null,
            "vpc_id": "vpc-054c014909e2bb0e2"
          },
          "sensitive_attributes": [],
          "identity_schema_version": 0,
          "private": "eyJlMmJmYjczMC1lY2FhLTExZTYtOGY4OC0zNDM2M2JjN2M0YzAiOnsiY3JlYXRlIjo2MDAwMDAwMDAwMDAsImRlbGV0ZSI6OTAwMDAwMDAwMDAwfSwic2NoZW1hX3ZlcnNpb24iOiIxIn0=",
          "dependencies": [
            "module.networking.aws_vpc.main",
            "module.security.aws_security_group.alb",
            "module.security.aws_security_group.ecs"
          ]
        }
      ]
    }
  ],
  "check_results": null
}
